<?xml version="1.0" encoding="utf-8"?>
<Project ToolsVersion="4.0" xmlns="http://schemas.microsoft.com/developer/msbuild/2003">
  <ItemGroup>
    <Filter Include="源文件">
      <UniqueIdentifier>{4FC737F1-C7A5-4376-A066-2A32D752A2FF}</UniqueIdentifier>
      <Extensions>cpp;c;cc;cxx;def;odl;idl;hpj;bat;asm;asmx</Extensions>
    </Filter>
    <Filter Include="头文件">
      <UniqueIdentifier>{93995380-89BD-4b04-88EB-625FBE52EBFB}</UniqueIdentifier>
      <Extensions>h;hh;hpp;hxx;hm;inl;inc;ipp;xsd</Extensions>
    </Filter>
    <Filter Include="资源文件">
      <UniqueIdentifier>{67DA6AB6-F800-4c08-8B7A-83BB121AAD01}</UniqueIdentifier>
      <Extensions>rc;ico;cur;bmp;dlg;rc2;rct;bin;rgs;gif;jpg;jpeg;jpe;resx;tiff;tif;png;wav;mfcribbon-ms</Extensions>
    </Filter>
    <Filter Include="framework">
      <UniqueIdentifier>{babbe7f1-5f93-4d8e-81eb-158c033efca7}</UniqueIdentifier>
    </Filter>
  </ItemGroup>
  <ItemGroup>
    <ClInclude Include="framework.h">
      <Filter>头文件</Filter>
    </ClInclude>
    <ClInclude Include="targetver.h">
      <Filter>头文件</Filter>
    </ClInclude>
    <ClInclude Include="Resource.h">
      <Filter>头文件</Filter>
    </ClInclude>
    <ClInclude Include="EiRasDX12Build.h">
      <Filter>头文件</Filter>
    </ClInclude>
    <ClInclude Include="..\..\..\..\Framework\EiRas\Global\EiRasGlobalManager.hpp">
      <Filter>framework</Filter>
    </ClInclude>
    <ClInclude Include="..\..\..\..\Framework\EiRas\Global\PlatformDependency\EiRasPlatformBridgeProtocol.h">
      <Filter>framework</Filter>
    </ClInclude>
    <ClInclude Include="..\..\..\..\Framework\EiRas\Graphics\CommandBuffer.hpp">
      <Filter>framework</Filter>
    </ClInclude>
    <ClInclude Include="..\..\..\..\Framework\EiRas\Graphics\GraphicsRenderState.hpp">
      <Filter>framework</Filter>
    </ClInclude>
    <ClInclude Include="..\..\..\..\Framework\EiRas\GraphicsAPI\EiRas.hpp">
      <Filter>framework</Filter>
    </ClInclude>
    <ClInclude Include="..\..\..\..\Framework\EiRas\Material\Material.hpp">
      <Filter>framework</Filter>
    </ClInclude>
    <ClInclude Include="..\..\..\..\Framework\EiRas\Material\Shader.hpp">
      <Filter>framework</Filter>
    </ClInclude>
    <ClInclude Include="..\..\..\..\Framework\EiRas\Mesh\Mesh.hpp">
      <Filter>framework</Filter>
    </ClInclude>
    <ClInclude Include="..\..\..\..\Framework\EiRas\Protocols\EiRasProtocol.h">
      <Filter>framework</Filter>
    </ClInclude>
    <ClInclude Include="..\..\..\..\Framework\EiRas\PlatformDependency\OnDX\d3dx12.h">
      <Filter>framework</Filter>
    </ClInclude>
    <ClInclude Include="..\..\..\..\Framework\EiRas\PlatformDependency\OnDX\DX12Utils.h">
      <Filter>framework</Filter>
    </ClInclude>
    <ClInclude Include="..\..\..\..\Framework\EiRas\PlatformDependency\OnDX\GraphicsAPI\EiRasDX12.h">
      <Filter>framework</Filter>
    </ClInclude>
    <ClInclude Include="..\..\..\..\Framework\EiRas\PlatformDependency\OnDX\GraphicsAPI\EiRasDX12Bridge.h">
      <Filter>framework</Filter>
    </ClInclude>
    <ClInclude Include="..\..\..\..\Framework\EiRas\PlatformDependency\OnDX\Shader\ShaderDX12.h">
      <Filter>framework</Filter>
    </ClInclude>
    <ClInclude Include="..\..\..\..\Framework\EiRas\PlatformDependency\OnDX\Shader\ShaderDX12Bridge.h">
      <Filter>framework</Filter>
    </ClInclude>
    <ClInclude Include="..\..\..\..\Framework\EiRas\PlatformDependency\OnDX\DXMacro.h">
      <Filter>framework</Filter>
    </ClInclude>
    <ClInclude Include="..\..\..\..\Framework\EiRas\PlatformDependency\OnDX\Material\MaterialDX12Bridge.h">
      <Filter>framework</Filter>
    </ClInclude>
    <ClInclude Include="..\..\..\..\Framework\EiRas\PlatformDependency\OnDX\Material\MaterialDX12.h">
      <Filter>framework</Filter>
    </ClInclude>
    <ClInclude Include="..\..\..\..\Framework\EiRas\Material\MaterialLayout.hpp">
      <Filter>framework</Filter>
    </ClInclude>
    <ClInclude Include="..\..\..\..\Framework\EiRas\Material\ShaderLayout.h">
      <Filter>framework</Filter>
    </ClInclude>
    <ClInclude Include="..\..\..\..\Framework\EiRas\Material\GraphicsResource.hpp">
      <Filter>framework</Filter>
    </ClInclude>
    <ClInclude Include="..\..\..\..\Framework\EiRas\PlatformDependency\OnDX\Material\GraphicsResourceDX12Bridge.h">
      <Filter>framework</Filter>
    </ClInclude>
    <ClInclude Include="..\..\..\..\Framework\EiRas\PlatformDependency\OnDX\Material\GraphicsResourceDX12.h">
      <Filter>framework</Filter>
    </ClInclude>
    <ClInclude Include="..\..\..\..\Framework\EiRas\PlatformDependency\OnDX\Material\ConstantBufferDX12.h">
      <Filter>framework</Filter>
    </ClInclude>
    <ClInclude Include="..\..\..\..\Framework\EiRas\PlatformDependency\OnDX\Material\ShaderResourceDX12.h">
      <Filter>framework</Filter>
    </ClInclude>
    <ClInclude Include="..\..\..\..\Framework\EiRas\Material\GraphicsResourceHeap.hpp">
      <Filter>framework</Filter>
    </ClInclude>
    <ClInclude Include="..\..\..\..\Framework\EiRas\PlatformDependency\OnDX\Material\GraphicsResourceHeapDX12.h">
      <Filter>framework</Filter>
    </ClInclude>
    <ClInclude Include="..\..\..\..\Framework\EiRas\PlatformDependency\OnDX\Material\GraphicsResourceHeapDX12Bridge.h">
      <Filter>framework</Filter>
    </ClInclude>
    <ClInclude Include="..\..\..\..\Framework\EiRas\PlatformDependency\OnDX\CommandBuffer\CommandBufferDX12.h">
      <Filter>framework</Filter>
    </ClInclude>
    <ClInclude Include="..\..\..\..\Framework\EiRas\PlatformDependency\OnDX\CommandBuffer\CommandBufferDX12Bridge.h">
      <Filter>framework</Filter>
    </ClInclude>
    <ClInclude Include="..\..\..\..\Framework\EiRas\PlatformDependency\OnDX\Mesh\MeshDX12.h">
      <Filter>framework</Filter>
    </ClInclude>
    <ClInclude Include="..\..\..\..\Framework\EiRas\PlatformDependency\OnDX\Mesh\MeshDX12Bridge.h">
      <Filter>framework</Filter>
    </ClInclude>
    <ClInclude Include="..\..\..\..\Framework\EiRas\Global\GlobalDefine.h">
      <Filter>framework</Filter>
    </ClInclude>
    <ClInclude Include="..\..\..\..\Framework\EiRas\Graphics\RenderTexture.hpp">
      <Filter>framework</Filter>
    </ClInclude>
    <ClInclude Include="..\..\..\Common\Engine.hpp">
      <Filter>framework</Filter>
    </ClInclude>
    <ClInclude Include="..\..\..\..\Framework\EiRas\Mesh\MeshLoader.h">
      <Filter>framework</Filter>
    </ClInclude>
    <ClInclude Include="..\..\..\..\Framework\EiRas\Math\Math.hpp">
      <Filter>framework</Filter>
    </ClInclude>
    <ClInclude Include="..\..\..\..\Framework\Component\FileSys\FileManager.hpp">
      <Filter>framework</Filter>
    </ClInclude>
    <ClInclude Include="..\..\..\..\Framework\Component\LogSys\LogManager.hpp">
      <Filter>framework</Filter>
    </ClInclude>
    <ClInclude Include="..\..\..\..\Framework\Component\PlatformDependency\Windows\FileSys\FileManagerWin.hpp">
      <Filter>framework</Filter>
    </ClInclude>
    <ClInclude Include="..\..\..\..\Framework\Component\PlatformDependency\Windows\LogSys\LogManagerWin.hpp">
      <Filter>framework</Filter>
    </ClInclude>
    <ClInclude Include="..\..\..\..\Framework\EiRas\Graphics\GraphicsVertexDescriptor.hpp">
      <Filter>framework</Filter>
    </ClInclude>
    <ClInclude Include="..\..\..\Library\stb\stb_image.h">
      <Filter>framework</Filter>
    </ClInclude>
    <ClInclude Include="..\..\..\..\Framework\Component\ImageSys\ImageSys.hpp">
      <Filter>framework</Filter>
    </ClInclude>
    <ClInclude Include="..\..\..\..\Framework\EiRas\Basic\Image.hpp">
      <Filter>framework</Filter>
    </ClInclude>
    <ClInclude Include="..\..\..\..\Framework\EiRas\Basic\TransformSys.hpp">
      <Filter>framework</Filter>
    </ClInclude>
    <ClInclude Include="..\..\..\..\Framework\EiRas\Basic\Camera.hpp">
      <Filter>framework</Filter>
    </ClInclude>
    <ClInclude Include="..\..\..\..\Framework\Component\FontSys\FontSys.hpp">
      <Filter>framework</Filter>
    </ClInclude>
    <ClInclude Include="..\..\..\..\Framework\Component\FontSys\FontManager.hpp">
      <Filter>framework</Filter>
    </ClInclude>
    <ClInclude Include="..\..\..\..\Framework\EiRas\GUI\GUIBase.hpp">
      <Filter>framework</Filter>
    </ClInclude>
    <ClInclude Include="..\..\..\..\Framework\EiRas\GUI\Label.hpp">
      <Filter>framework</Filter>
    </ClInclude>
    <ClInclude Include="..\..\..\..\Framework\EiRas\PlatformDependency\OnDX\RenderTexture\RenderTextureDX12Bridge.hpp">
      <Filter>framework</Filter>
    </ClInclude>
    <ClInclude Include="..\..\..\..\Framework\EiRas\PlatformDependency\OnDX\RenderTexture\RenderTextureDX12.hpp">
      <Filter>framework</Filter>
    </ClInclude>
    <ClInclude Include="..\..\..\..\Framework\EiRas\Effect\CommonBlur\CommonBlur.hpp">
      <Filter>framework</Filter>
    </ClInclude>
    <ClInclude Include="..\..\..\..\Framework\EiRas\PlatformDependency\OnDX\ResourceHeapManager\ResourceHeapManager.hpp">
      <Filter>framework</Filter>
    </ClInclude>
    <ClInclude Include="..\..\..\..\Framework\EiRas\GUI\GUISystem.hpp">
      <Filter>framework</Filter>
    </ClInclude>
    <ClInclude Include="..\..\..\..\Framework\EiRas\PlatformDependency\OnDX\GUI\GUISystemDX12Bridge.hpp">
      <Filter>framework</Filter>
    </ClInclude>
    <ClInclude Include="..\..\..\..\Framework\EiRas\PlatformDependency\OnDX\GUI\GUISystemDX12.hpp">
      <Filter>framework</Filter>
    </ClInclude>
    <ClInclude Include="..\..\..\..\Framework\EiRas\GUI\Button.hpp">
      <Filter>framework</Filter>
    </ClInclude>
    <ClInclude Include="..\..\..\..\Framework\EiRas\GUI\View.hpp">
      <Filter>framework</Filter>
    </ClInclude>
    <ClInclude Include="..\..\..\..\Framework\EiRas\GUI\Response.hpp">
      <Filter>framework</Filter>
    </ClInclude>
    <ClInclude Include="..\..\..\..\Framework\EiRas\Graphics\RenderData.hpp">
      <Filter>framework</Filter>
    </ClInclude>
    <ClInclude Include="..\..\..\..\Framework\EiRas\GUI\RuntimeUtilities.hpp">
      <Filter>framework</Filter>
    </ClInclude>
    <ClInclude Include="..\..\..\..\Framework\EiRas\PlatformDependency\OnDX\Material\ShaderResourceRTDX12.hpp">
      <Filter>framework</Filter>
    </ClInclude>
    <ClInclude Include="..\..\..\..\Framework\EiRas\GUI\Ex\Inspector.hpp">
      <Filter>framework</Filter>
    </ClInclude>
    <ClInclude Include="..\..\..\..\Framework\EiRas\GUI\Ex\InspectorTransform.hpp">
      <Filter>framework</Filter>
    </ClInclude>
    <ClInclude Include="..\..\..\..\Framework\EiRas\GUI\EventBase.hpp">
      <Filter>framework</Filter>
    </ClInclude>
    <ClInclude Include="..\..\..\..\Framework\Common\CommonMacro.hpp">
      <Filter>framework</Filter>
    </ClInclude>
    <ClInclude Include="..\..\..\..\Framework\EiRas\GPCompute\ComputeKernel.hpp">
      <Filter>framework</Filter>
    </ClInclude>
    <ClInclude Include="..\..\..\..\Framework\EiRas\PlatformDependency\OnDX\GPCompute\ComputeKernelDX12.hpp">
      <Filter>framework</Filter>
    </ClInclude>
    <ClInclude Include="..\..\..\..\Framework\EiRas\PlatformDependency\OnDX\GPCompute\ComputeKernelDX12Bridge.hpp">
      <Filter>framework</Filter>
    </ClInclude>
    <ClInclude Include="..\..\..\..\Framework\EiRas\PlatformDependency\OnDX\Shader\ShaderLayoutDX12.hpp">
      <Filter>framework</Filter>
    </ClInclude>
    <ClInclude Include="..\..\..\..\Framework\EiRas\PlatformDependency\OnDX\Shader\ShaderLayoutDX12Bridge.hpp">
      <Filter>framework</Filter>
    </ClInclude>
    <ClInclude Include="..\..\..\..\Framework\EiRas\Material\GraphicsResourceConfig.hpp">
      <Filter>framework</Filter>
    </ClInclude>
    <ClInclude Include="..\..\..\..\Framework\Component\ComponentManager\ComponentManager.hpp">
      <Filter>framework</Filter>
    </ClInclude>
    <ClInclude Include="..\..\..\..\Framework\Component\ComponentManager\ComponentBase.hpp">
      <Filter>framework</Filter>
    </ClInclude>
    <ClInclude Include="SDFGen\RMCapture.hpp">
      <Filter>头文件</Filter>
    </ClInclude>
  </ItemGroup>
  <ItemGroup>
    <ClCompile Include="EiRasDX12Build.cpp">
      <Filter>源文件</Filter>
    </ClCompile>
    <ClCompile Include="..\..\..\..\Framework\EiRas\Global\EiRasGlobalManager.cpp">
      <Filter>framework</Filter>
    </ClCompile>
    <ClCompile Include="..\..\..\..\Framework\EiRas\Graphics\CommandBuffer.cpp">
      <Filter>framework</Filter>
    </ClCompile>
    <ClCompile Include="..\..\..\..\Framework\EiRas\Graphics\GraphicsRenderState.cpp">
      <Filter>framework</Filter>
    </ClCompile>
    <ClCompile Include="..\..\..\..\Framework\EiRas\GraphicsAPI\EiRas.cpp">
      <Filter>framework</Filter>
    </ClCompile>
    <ClCompile Include="..\..\..\..\Framework\EiRas\Material\Material.cpp">
      <Filter>framework</Filter>
    </ClCompile>
    <ClCompile Include="..\..\..\..\Framework\EiRas\Material\Shader.cpp">
      <Filter>framework</Filter>
    </ClCompile>
    <ClCompile Include="..\..\..\..\Framework\EiRas\Mesh\Mesh.cpp">
      <Filter>framework</Filter>
    </ClCompile>
    <ClCompile Include="..\..\..\..\Framework\EiRas\PlatformDependency\OnDX\DX12Utils.cpp">
      <Filter>framework</Filter>
    </ClCompile>
    <ClCompile Include="..\..\..\..\Framework\EiRas\PlatformDependency\OnDX\GraphicsAPI\EiRasDX12.cpp">
      <Filter>framework</Filter>
    </ClCompile>
    <ClCompile Include="..\..\..\..\Framework\EiRas\PlatformDependency\OnDX\GraphicsAPI\EiRasDX12Bridge.cpp">
      <Filter>framework</Filter>
    </ClCompile>
    <ClCompile Include="..\..\..\..\Framework\EiRas\PlatformDependency\OnDX\Shader\ShaderDX12.cpp">
      <Filter>framework</Filter>
    </ClCompile>
    <ClCompile Include="..\..\..\..\Framework\EiRas\PlatformDependency\OnDX\Shader\ShaderDX12Bridge.cpp">
      <Filter>framework</Filter>
    </ClCompile>
    <ClCompile Include="..\..\..\..\Framework\EiRas\PlatformDependency\OnDX\Material\MaterialDX12Bridge.cpp">
      <Filter>framework</Filter>
    </ClCompile>
    <ClCompile Include="..\..\..\..\Framework\EiRas\PlatformDependency\OnDX\Material\MaterialDX12.cpp">
      <Filter>framework</Filter>
    </ClCompile>
    <ClCompile Include="..\..\..\..\Framework\EiRas\Material\MaterialLayout.cpp">
      <Filter>framework</Filter>
    </ClCompile>
    <ClCompile Include="..\..\..\..\Framework\EiRas\Material\ShaderLayout.cpp">
      <Filter>framework</Filter>
    </ClCompile>
    <ClCompile Include="..\..\..\..\Framework\EiRas\Material\GraphicsResource.cpp">
      <Filter>framework</Filter>
    </ClCompile>
    <ClCompile Include="..\..\..\..\Framework\EiRas\PlatformDependency\OnDX\Material\GraphicsResourceDX12Bridge.cpp">
      <Filter>framework</Filter>
    </ClCompile>
    <ClCompile Include="..\..\..\..\Framework\EiRas\PlatformDependency\OnDX\Material\GraphicsResourceDX12.cpp">
      <Filter>framework</Filter>
    </ClCompile>
    <ClCompile Include="..\..\..\..\Framework\EiRas\PlatformDependency\OnDX\Material\ConstantBufferDX12.cpp">
      <Filter>framework</Filter>
    </ClCompile>
    <ClCompile Include="..\..\..\..\Framework\EiRas\PlatformDependency\OnDX\Material\ShaderResourceDX12.cpp">
      <Filter>framework</Filter>
    </ClCompile>
    <ClCompile Include="..\..\..\..\Framework\EiRas\Material\GraphicsResourceHeap.cpp">
      <Filter>framework</Filter>
    </ClCompile>
    <ClCompile Include="..\..\..\..\Framework\EiRas\PlatformDependency\OnDX\Material\GraphicsResourceHeapDX12.cpp">
      <Filter>framework</Filter>
    </ClCompile>
    <ClCompile Include="..\..\..\..\Framework\EiRas\PlatformDependency\OnDX\Material\GraphicsResourceHeapDX12Bridge.cpp">
      <Filter>framework</Filter>
    </ClCompile>
    <ClCompile Include="..\..\..\..\Framework\EiRas\PlatformDependency\OnDX\CommandBuffer\CommandBufferDX12.cpp">
      <Filter>framework</Filter>
    </ClCompile>
    <ClCompile Include="..\..\..\..\Framework\EiRas\PlatformDependency\OnDX\CommandBuffer\CommandBufferDX12Bridge.cpp">
      <Filter>framework</Filter>
    </ClCompile>
    <ClCompile Include="..\..\..\..\Framework\EiRas\PlatformDependency\OnDX\Mesh\MeshDX12.cpp">
      <Filter>framework</Filter>
    </ClCompile>
    <ClCompile Include="..\..\..\..\Framework\EiRas\PlatformDependency\OnDX\Mesh\MeshDX12Bridge.cpp">
      <Filter>framework</Filter>
    </ClCompile>
    <ClCompile Include="..\..\..\..\Framework\EiRas\Graphics\RenderTexture.cpp">
      <Filter>framework</Filter>
    </ClCompile>
    <ClCompile Include="..\..\..\Common\Engine.cpp">
      <Filter>framework</Filter>
    </ClCompile>
    <ClCompile Include="..\..\..\..\Framework\EiRas\Mesh\MeshLoader.cpp">
      <Filter>framework</Filter>
    </ClCompile>
    <ClCompile Include="..\..\..\..\Framework\EiRas\Math\Math.cpp">
      <Filter>framework</Filter>
    </ClCompile>
    <ClCompile Include="..\..\..\..\Framework\Component\FileSys\FileManager.cpp">
      <Filter>framework</Filter>
    </ClCompile>
    <ClCompile Include="..\..\..\..\Framework\Component\LogSys\LogManager.cpp">
      <Filter>framework</Filter>
    </ClCompile>
    <ClCompile Include="..\..\..\..\Framework\Component\PlatformDependency\Windows\FileSys\FileManagerWin.cpp">
      <Filter>framework</Filter>
    </ClCompile>
    <ClCompile Include="..\..\..\..\Framework\Component\PlatformDependency\Windows\LogSys\LogManagerWin.cpp">
      <Filter>framework</Filter>
    </ClCompile>
    <ClCompile Include="..\..\..\..\Framework\EiRas\Graphics\GraphicsVertexDescriptor.cpp">
      <Filter>framework</Filter>
    </ClCompile>
    <ClCompile Include="..\..\..\..\Framework\Component\ImageSys\ImageSys.cpp">
      <Filter>framework</Filter>
    </ClCompile>
    <ClCompile Include="..\..\..\..\Framework\EiRas\Basic\Image.cpp">
      <Filter>framework</Filter>
    </ClCompile>
    <ClCompile Include="..\..\..\..\Framework\EiRas\Basic\TransformSys.cpp">
      <Filter>framework</Filter>
    </ClCompile>
    <ClCompile Include="..\..\..\..\Framework\EiRas\Basic\Camera.cpp">
      <Filter>framework</Filter>
    </ClCompile>
    <ClCompile Include="..\..\..\..\Framework\Component\FontSys\FontSys.cpp">
      <Filter>framework</Filter>
    </ClCompile>
    <ClCompile Include="..\..\..\..\Framework\Component\FontSys\FontManager.cpp">
      <Filter>framework</Filter>
    </ClCompile>
    <ClCompile Include="..\..\..\..\Framework\EiRas\GUI\GUIBase.cpp">
      <Filter>framework</Filter>
    </ClCompile>
    <ClCompile Include="..\..\..\..\Framework\EiRas\GUI\Label.cpp">
      <Filter>framework</Filter>
    </ClCompile>
    <ClCompile Include="..\..\..\..\Framework\EiRas\PlatformDependency\OnDX\RenderTexture\RenderTextureDX12Bridge.cpp">
      <Filter>framework</Filter>
    </ClCompile>
    <ClCompile Include="..\..\..\..\Framework\EiRas\PlatformDependency\OnDX\RenderTexture\RenderTextureDX12.cpp">
      <Filter>framework</Filter>
    </ClCompile>
    <ClCompile Include="..\..\..\..\Framework\EiRas\Effect\CommonBlur\CommonBlur.cpp">
      <Filter>framework</Filter>
    </ClCompile>
    <ClCompile Include="..\..\..\..\Framework\EiRas\PlatformDependency\OnDX\ResourceHeapManager\ResourceHeapManager.cpp">
      <Filter>framework</Filter>
    </ClCompile>
    <ClCompile Include="..\..\..\..\Framework\EiRas\GUI\GUISystem.cpp">
      <Filter>framework</Filter>
    </ClCompile>
    <ClCompile Include="..\..\..\..\Framework\EiRas\PlatformDependency\OnDX\GUI\GUISystemDX12Bridge.cpp">
      <Filter>framework</Filter>
    </ClCompile>
    <ClCompile Include="..\..\..\..\Framework\EiRas\PlatformDependency\OnDX\GUI\GUISystemDX12.cpp">
      <Filter>framework</Filter>
    </ClCompile>
    <ClCompile Include="..\..\..\..\Framework\EiRas\GUI\Button.cpp">
      <Filter>framework</Filter>
    </ClCompile>
    <ClCompile Include="..\..\..\..\Framework\EiRas\GUI\View.cpp">
      <Filter>framework</Filter>
    </ClCompile>
    <ClCompile Include="..\..\..\..\Framework\EiRas\GUI\Response.cpp">
      <Filter>framework</Filter>
    </ClCompile>
    <ClCompile Include="..\..\..\..\Framework\EiRas\Graphics\RenderData.cpp">
      <Filter>framework</Filter>
    </ClCompile>
    <ClCompile Include="..\..\..\..\Framework\EiRas\GUI\RuntimeUtilities.cpp">
      <Filter>framework</Filter>
    </ClCompile>
    <ClCompile Include="..\..\..\..\Framework\EiRas\PlatformDependency\OnDX\Material\ShaderResourceRTDX12.cpp">
      <Filter>framework</Filter>
    </ClCompile>
    <ClCompile Include="..\..\..\..\Framework\EiRas\GUI\Ex\Inspector.cpp">
      <Filter>framework</Filter>
    </ClCompile>
    <ClCompile Include="..\..\..\..\Framework\EiRas\GUI\Ex\InspectorTransform.cpp">
      <Filter>framework</Filter>
    </ClCompile>
    <ClCompile Include="..\..\..\..\Framework\EiRas\GUI\EventBase.cpp">
      <Filter>framework</Filter>
    </ClCompile>
    <ClCompile Include="..\..\..\..\Framework\EiRas\GPCompute\ComputeKernel.cpp">
      <Filter>framework</Filter>
    </ClCompile>
    <ClCompile Include="..\..\..\..\Framework\EiRas\PlatformDependency\OnDX\GPCompute\ComputeKernelDX12Bridge.cpp">
      <Filter>framework</Filter>
    </ClCompile>
    <ClCompile Include="..\..\..\..\Framework\EiRas\PlatformDependency\OnDX\GPCompute\ComputeKernelDX12.cpp">
      <Filter>framework</Filter>
    </ClCompile>
    <ClCompile Include="..\..\..\..\Framework\EiRas\PlatformDependency\OnDX\Shader\ShaderLayoutDX12.cpp">
      <Filter>framework</Filter>
    </ClCompile>
    <ClCompile Include="..\..\..\..\Framework\EiRas\PlatformDependency\OnDX\Shader\ShaderLayoutDX12Bridge.cpp">
      <Filter>framework</Filter>
    </ClCompile>
    <ClCompile Include="..\..\..\..\Framework\Component\ComponentManager\ComponentManager.cpp">
      <Filter>framework</Filter>
    </ClCompile>
    <ClCompile Include="..\..\..\..\Framework\Component\ComponentManager\ComponentBase.cpp">
      <Filter>framework</Filter>
    </ClCompile>
    <ClCompile Include="SDFGen\RMCapture.cpp">
      <Filter>源文件</Filter>
    </ClCompile>
  </ItemGroup>
  <ItemGroup>
    <ResourceCompile Include="EiRasDX12Build.rc">
      <Filter>资源文件</Filter>
    </ResourceCompile>
  </ItemGroup>
  <ItemGroup>
    <Image Include="small.ico">
      <Filter>资源文件</Filter>
    </Image>
    <Image Include="EiRasDX12Build.ico">
      <Filter>资源文件</Filter>
    </Image>
  </ItemGroup>
</Project>