// !$*UTF8*$!
{
	archiveVersion = 1;
	classes = {
	};
	objectVersion = 50;
	objects = {

/* Begin PBXBuildFile section */
		C206145323A93D07003ED81D /* Engine.cpp in Sources */ = {isa = PBXBuildFile; fileRef = C206145023A93D07003ED81D /* Engine.cpp */; };
		C20EE8982414CDC700E545E5 /* ShaderResourceMetal.mm in Sources */ = {isa = PBXBuildFile; fileRef = C20EE8972414CDC700E545E5 /* ShaderResourceMetal.mm */; };
		C20EE8A82414F0CA00E545E5 /* qumian.obj in Resources */ = {isa = PBXBuildFile; fileRef = C20EE8A72414F0CA00E545E5 /* qumian.obj */; };
		C20EE8AD2414F0D500E545E5 /* ef_glow_94.tga in Resources */ = {isa = PBXBuildFile; fileRef = C20EE8AA2414F0D500E545E5 /* ef_glow_94.tga */; };
		C20EE8AE2414F0D500E545E5 /* ground.png in Resources */ = {isa = PBXBuildFile; fileRef = C20EE8AB2414F0D500E545E5 /* ground.png */; };
		C20EE8AF2414F0D500E545E5 /* ground512.png in Resources */ = {isa = PBXBuildFile; fileRef = C20EE8AC2414F0D500E545E5 /* ground512.png */; };
		C20EE8B524227A6600E545E5 /* FontSys.cpp in Sources */ = {isa = PBXBuildFile; fileRef = C20EE8B124227A6600E545E5 /* FontSys.cpp */; };
		C20EE8B624227A6600E545E5 /* FontManager.cpp in Sources */ = {isa = PBXBuildFile; fileRef = C20EE8B424227A6600E545E5 /* FontManager.cpp */; };
		C211D95A23A1481700CFE6E6 /* Mesh.cpp in Sources */ = {isa = PBXBuildFile; fileRef = C211D8DA23A1481700CFE6E6 /* Mesh.cpp */; };
		C211D95C23A1481700CFE6E6 /* GraphicsRenderState.cpp in Sources */ = {isa = PBXBuildFile; fileRef = C211D8E823A1481700CFE6E6 /* GraphicsRenderState.cpp */; };
		C211D95D23A1481700CFE6E6 /* CommandBuffer.cpp in Sources */ = {isa = PBXBuildFile; fileRef = C211D8E923A1481700CFE6E6 /* CommandBuffer.cpp */; };
		C211D95E23A1481700CFE6E6 /* EiRas.cpp in Sources */ = {isa = PBXBuildFile; fileRef = C211D8EB23A1481700CFE6E6 /* EiRas.cpp */; };
		C211D95F23A1481700CFE6E6 /* EiRasGlobalManager.cpp in Sources */ = {isa = PBXBuildFile; fileRef = C211D8F223A1481700CFE6E6 /* EiRasGlobalManager.cpp */; };
		C211D96023A1481700CFE6E6 /* MaterialLayout.cpp in Sources */ = {isa = PBXBuildFile; fileRef = C211D8F623A1481700CFE6E6 /* MaterialLayout.cpp */; };
		C211D96123A1481700CFE6E6 /* GraphicsResourceHeap.cpp in Sources */ = {isa = PBXBuildFile; fileRef = C211D8F823A1481700CFE6E6 /* GraphicsResourceHeap.cpp */; };
		C211D96223A1481700CFE6E6 /* ShaderLayout.cpp in Sources */ = {isa = PBXBuildFile; fileRef = C211D8FA23A1481700CFE6E6 /* ShaderLayout.cpp */; };
		C211D96323A1481700CFE6E6 /* GraphicsResource.cpp in Sources */ = {isa = PBXBuildFile; fileRef = C211D8FB23A1481700CFE6E6 /* GraphicsResource.cpp */; };
		C211D96423A1481700CFE6E6 /* Shader.cpp in Sources */ = {isa = PBXBuildFile; fileRef = C211D8FC23A1481700CFE6E6 /* Shader.cpp */; };
		C211D96523A1481700CFE6E6 /* Material.cpp in Sources */ = {isa = PBXBuildFile; fileRef = C211D90023A1481700CFE6E6 /* Material.cpp */; };
		C22DFCF9241001D500FB2234 /* MeshMetalBridge.cpp in Sources */ = {isa = PBXBuildFile; fileRef = C22DFCC4241001D500FB2234 /* MeshMetalBridge.cpp */; };
		C22DFCFA241001D500FB2234 /* MeshMetalAdapter.mm in Sources */ = {isa = PBXBuildFile; fileRef = C22DFCC5241001D500FB2234 /* MeshMetalAdapter.mm */; };
		C22DFCFB241001D500FB2234 /* MeshMetal.mm in Sources */ = {isa = PBXBuildFile; fileRef = C22DFCC8241001D500FB2234 /* MeshMetal.mm */; };
		C22DFCFC241001D500FB2234 /* BaseMetalObject.m in Sources */ = {isa = PBXBuildFile; fileRef = C22DFCCA241001D500FB2234 /* BaseMetalObject.m */; };
		C22DFCFD241001D500FB2234 /* ShaderMetalAdapter.mm in Sources */ = {isa = PBXBuildFile; fileRef = C22DFCCF241001D500FB2234 /* ShaderMetalAdapter.mm */; };
		C22DFCFE241001D500FB2234 /* ShaderMetal.mm in Sources */ = {isa = PBXBuildFile; fileRef = C22DFCD0241001D500FB2234 /* ShaderMetal.mm */; };
		C22DFCFF241001D500FB2234 /* ShaderMetalBridge.cpp in Sources */ = {isa = PBXBuildFile; fileRef = C22DFCD1241001D500FB2234 /* ShaderMetalBridge.cpp */; };
		C22DFD00241001D500FB2234 /* AAPLShaders.metal in Sources */ = {isa = PBXBuildFile; fileRef = C22DFCD3241001D500FB2234 /* AAPLShaders.metal */; };
		C22DFD01241001D500FB2234 /* EiRasMetalAdapter.mm in Sources */ = {isa = PBXBuildFile; fileRef = C22DFCD8241001D500FB2234 /* EiRasMetalAdapter.mm */; };
		C22DFD02241001D500FB2234 /* EiRasMetalBridge.cpp in Sources */ = {isa = PBXBuildFile; fileRef = C22DFCD9241001D500FB2234 /* EiRasMetalBridge.cpp */; };
		C22DFD03241001D500FB2234 /* EiRasMetal.mm in Sources */ = {isa = PBXBuildFile; fileRef = C22DFCDA241001D500FB2234 /* EiRasMetal.mm */; };
		C22DFD04241001D500FB2234 /* GraphicsResourceMetalAdapter.mm in Sources */ = {isa = PBXBuildFile; fileRef = C22DFCDD241001D500FB2234 /* GraphicsResourceMetalAdapter.mm */; };
		C22DFD05241001D500FB2234 /* ConstantBufferMetal.mm in Sources */ = {isa = PBXBuildFile; fileRef = C22DFCDE241001D500FB2234 /* ConstantBufferMetal.mm */; };
		C22DFD06241001D500FB2234 /* GraphicsResourceHeapMetalBridge.cpp in Sources */ = {isa = PBXBuildFile; fileRef = C22DFCE0241001D500FB2234 /* GraphicsResourceHeapMetalBridge.cpp */; };
		C22DFD07241001D500FB2234 /* MaterialMetalBridge.cpp in Sources */ = {isa = PBXBuildFile; fileRef = C22DFCE2241001D500FB2234 /* MaterialMetalBridge.cpp */; };
		C22DFD08241001D500FB2234 /* GraphicsResourceMetal.mm in Sources */ = {isa = PBXBuildFile; fileRef = C22DFCE3241001D500FB2234 /* GraphicsResourceMetal.mm */; };
		C22DFD09241001D500FB2234 /* MaterialMetalAdapter.mm in Sources */ = {isa = PBXBuildFile; fileRef = C22DFCE5241001D500FB2234 /* MaterialMetalAdapter.mm */; };
		C22DFD0A241001D500FB2234 /* GraphicsResourceHeapMetalAdapter.mm in Sources */ = {isa = PBXBuildFile; fileRef = C22DFCE7241001D500FB2234 /* GraphicsResourceHeapMetalAdapter.mm */; };
		C22DFD0B241001D500FB2234 /* GraphicsResourceMetalBridge.cpp in Sources */ = {isa = PBXBuildFile; fileRef = C22DFCE9241001D500FB2234 /* GraphicsResourceMetalBridge.cpp */; };
		C22DFD0C241001D500FB2234 /* GraphicsResourceHeapMetal.mm in Sources */ = {isa = PBXBuildFile; fileRef = C22DFCEA241001D500FB2234 /* GraphicsResourceHeapMetal.mm */; };
		C22DFD0D241001D500FB2234 /* MaterialMetal.mm in Sources */ = {isa = PBXBuildFile; fileRef = C22DFCEB241001D500FB2234 /* MaterialMetal.mm */; };
		C22DFD0E241001D500FB2234 /* CommandBufferMetalAdapter.mm in Sources */ = {isa = PBXBuildFile; fileRef = C22DFCF4241001D500FB2234 /* CommandBufferMetalAdapter.mm */; };
		C22DFD0F241001D500FB2234 /* CommandBufferMetal.mm in Sources */ = {isa = PBXBuildFile; fileRef = C22DFCF5241001D500FB2234 /* CommandBufferMetal.mm */; };
		C22DFD10241001D500FB2234 /* CommandBufferMetalBridge.cpp in Sources */ = {isa = PBXBuildFile; fileRef = C22DFCF6241001D500FB2234 /* CommandBufferMetalBridge.cpp */; };
		C22DFD152412B06900FB2234 /* libassimp.a in Frameworks */ = {isa = PBXBuildFile; fileRef = C22DFD122412B06900FB2234 /* libassimp.a */; };
		C22DFD162412B06900FB2234 /* libIrrXML.a in Frameworks */ = {isa = PBXBuildFile; fileRef = C22DFD132412B06900FB2234 /* libIrrXML.a */; };
		C22DFD172412B06900FB2234 /* libzlibstatic.a in Frameworks */ = {isa = PBXBuildFile; fileRef = C22DFD142412B06900FB2234 /* libzlibstatic.a */; };
		C22DFD1A2412B0A400FB2234 /* Image.cpp in Sources */ = {isa = PBXBuildFile; fileRef = C22DFD192412B0A400FB2234 /* Image.cpp */; };
		C22DFD1E2412B0B400FB2234 /* ImageSys.cpp in Sources */ = {isa = PBXBuildFile; fileRef = C22DFD1C2412B0B400FB2234 /* ImageSys.cpp */; };
		C23CACA22379A37F00AA5737 /* AppDelegate.m in Sources */ = {isa = PBXBuildFile; fileRef = C23CACA12379A37F00AA5737 /* AppDelegate.m */; };
		C23CACA52379A37F00AA5737 /* ViewController.mm in Sources */ = {isa = PBXBuildFile; fileRef = C23CACA42379A37F00AA5737 /* ViewController.mm */; };
		C23CACA72379A38200AA5737 /* Assets.xcassets in Resources */ = {isa = PBXBuildFile; fileRef = C23CACA62379A38200AA5737 /* Assets.xcassets */; };
		C23CACAA2379A38200AA5737 /* Main.storyboard in Resources */ = {isa = PBXBuildFile; fileRef = C23CACA82379A38200AA5737 /* Main.storyboard */; };
		C23CACAD2379A38200AA5737 /* main.m in Sources */ = {isa = PBXBuildFile; fileRef = C23CACAC2379A38200AA5737 /* main.m */; };
		C23CACB82379A38200AA5737 /* EiRasMetalBuildTests.m in Sources */ = {isa = PBXBuildFile; fileRef = C23CACB72379A38200AA5737 /* EiRasMetalBuildTests.m */; };
		C23CACC32379A38200AA5737 /* EiRasMetalBuildUITests.m in Sources */ = {isa = PBXBuildFile; fileRef = C23CACC22379A38200AA5737 /* EiRasMetalBuildUITests.m */; };
		C23CAD31237AF2E600AA5737 /* MetalKit.framework in Frameworks */ = {isa = PBXBuildFile; fileRef = C23CAD30237AF2E600AA5737 /* MetalKit.framework */; };
		C28BA18123E487E900EDAE43 /* Camera.cpp in Sources */ = {isa = PBXBuildFile; fileRef = C28BA17F23E487E900EDAE43 /* Camera.cpp */; };
		C28BA18723E494C100EDAE43 /* TransformSys.cpp in Sources */ = {isa = PBXBuildFile; fileRef = C28BA18623E494C100EDAE43 /* TransformSys.cpp */; };
		C2D7AFFF23D09F6B005A2B2B /* GraphicsVertexDescriptor.cpp in Sources */ = {isa = PBXBuildFile; fileRef = C2D7AFFD23D09F6B005A2B2B /* GraphicsVertexDescriptor.cpp */; };
		C2F34C7C23AF942900995E92 /* Math.cpp in Sources */ = {isa = PBXBuildFile; fileRef = C2F34C7A23AF942900995E92 /* Math.cpp */; };
		C2F34CCC23B24EF700995E92 /* MeshLoader.cpp in Sources */ = {isa = PBXBuildFile; fileRef = C2F34CCB23B24EF700995E92 /* MeshLoader.cpp */; };
		C2F6BB0923C0F65B0031E0C7 /* FileManager.cpp in Sources */ = {isa = PBXBuildFile; fileRef = C2F6BB0723C0F65B0031E0C7 /* FileManager.cpp */; };
		C2F6BB1023C0FBCA0031E0C7 /* FileManagerMacOSAdapter.mm in Sources */ = {isa = PBXBuildFile; fileRef = C2F6BB0E23C0FBCA0031E0C7 /* FileManagerMacOSAdapter.mm */; };
		C2F6BB1323C0FC680031E0C7 /* FileManagerMacOS.mm in Sources */ = {isa = PBXBuildFile; fileRef = C2F6BB1223C0FC680031E0C7 /* FileManagerMacOS.mm */; };
		C2F6BB1923C399E00031E0C7 /* LogManager.cpp in Sources */ = {isa = PBXBuildFile; fileRef = C2F6BB1723C399E00031E0C7 /* LogManager.cpp */; };
		C2F6BB1D23C39A860031E0C7 /* LogManagerMacOSAdapter.mm in Sources */ = {isa = PBXBuildFile; fileRef = C2F6BB1B23C39A860031E0C7 /* LogManagerMacOSAdapter.mm */; };
		C2F6BB2023C39AE20031E0C7 /* LogManagerMacOS.mm in Sources */ = {isa = PBXBuildFile; fileRef = C2F6BB1F23C39AE20031E0C7 /* LogManagerMacOS.mm */; };
/* End PBXBuildFile section */

/* Begin PBXContainerItemProxy section */
		C23CACB42379A38200AA5737 /* PBXContainerItemProxy */ = {
			isa = PBXContainerItemProxy;
			containerPortal = C23CAC952379A37F00AA5737 /* Project object */;
			proxyType = 1;
			remoteGlobalIDString = C23CAC9C2379A37F00AA5737;
			remoteInfo = EiRasMetalBuild;
		};
		C23CACBF2379A38200AA5737 /* PBXContainerItemProxy */ = {
			isa = PBXContainerItemProxy;
			containerPortal = C23CAC952379A37F00AA5737 /* Project object */;
			proxyType = 1;
			remoteGlobalIDString = C23CAC9C2379A37F00AA5737;
			remoteInfo = EiRasMetalBuild;
		};
/* End PBXContainerItemProxy section */

/* Begin PBXFileReference section */
		C206144E23A93D07003ED81D /* Engine.hpp */ = {isa = PBXFileReference; fileEncoding = 4; lastKnownFileType = sourcecode.cpp.h; path = Engine.hpp; sourceTree = "<group>"; };
		C206145023A93D07003ED81D /* Engine.cpp */ = {isa = PBXFileReference; fileEncoding = 4; lastKnownFileType = sourcecode.cpp.cpp; path = Engine.cpp; sourceTree = "<group>"; };
		C20EE8962414CDC700E545E5 /* ShaderResourceMetal.h */ = {isa = PBXFileReference; lastKnownFileType = sourcecode.c.h; path = ShaderResourceMetal.h; sourceTree = "<group>"; };
		C20EE8972414CDC700E545E5 /* ShaderResourceMetal.mm */ = {isa = PBXFileReference; lastKnownFileType = sourcecode.cpp.objcpp; path = ShaderResourceMetal.mm; sourceTree = "<group>"; };
		C20EE8A72414F0CA00E545E5 /* qumian.obj */ = {isa = PBXFileReference; fileEncoding = 4; lastKnownFileType = text; path = qumian.obj; sourceTree = "<group>"; };
		C20EE8AA2414F0D500E545E5 /* ef_glow_94.tga */ = {isa = PBXFileReference; lastKnownFileType = file; path = ef_glow_94.tga; sourceTree = "<group>"; };
		C20EE8AB2414F0D500E545E5 /* ground.png */ = {isa = PBXFileReference; lastKnownFileType = image.png; path = ground.png; sourceTree = "<group>"; };
		C20EE8AC2414F0D500E545E5 /* ground512.png */ = {isa = PBXFileReference; lastKnownFileType = image.png; path = ground512.png; sourceTree = "<group>"; };
		C20EE8B124227A6600E545E5 /* FontSys.cpp */ = {isa = PBXFileReference; fileEncoding = 4; lastKnownFileType = sourcecode.cpp.cpp; path = FontSys.cpp; sourceTree = "<group>"; };
		C20EE8B224227A6600E545E5 /* FontManager.hpp */ = {isa = PBXFileReference; fileEncoding = 4; lastKnownFileType = sourcecode.cpp.h; path = FontManager.hpp; sourceTree = "<group>"; };
		C20EE8B324227A6600E545E5 /* FontSys.hpp */ = {isa = PBXFileReference; fileEncoding = 4; lastKnownFileType = sourcecode.cpp.h; path = FontSys.hpp; sourceTree = "<group>"; };
		C20EE8B424227A6600E545E5 /* FontManager.cpp */ = {isa = PBXFileReference; fileEncoding = 4; lastKnownFileType = sourcecode.cpp.cpp; path = FontManager.cpp; sourceTree = "<group>"; };
		C211D8DA23A1481700CFE6E6 /* Mesh.cpp */ = {isa = PBXFileReference; fileEncoding = 4; lastKnownFileType = sourcecode.cpp.cpp; path = Mesh.cpp; sourceTree = "<group>"; };
		C211D8DB23A1481700CFE6E6 /* Mesh.hpp */ = {isa = PBXFileReference; fileEncoding = 4; lastKnownFileType = sourcecode.cpp.h; path = Mesh.hpp; sourceTree = "<group>"; };
		C211D8E623A1481700CFE6E6 /* GraphicsRenderState.hpp */ = {isa = PBXFileReference; fileEncoding = 4; lastKnownFileType = sourcecode.cpp.h; path = GraphicsRenderState.hpp; sourceTree = "<group>"; };
		C211D8E723A1481700CFE6E6 /* CommandBuffer.hpp */ = {isa = PBXFileReference; fileEncoding = 4; lastKnownFileType = sourcecode.cpp.h; path = CommandBuffer.hpp; sourceTree = "<group>"; };
		C211D8E823A1481700CFE6E6 /* GraphicsRenderState.cpp */ = {isa = PBXFileReference; fileEncoding = 4; lastKnownFileType = sourcecode.cpp.cpp; path = GraphicsRenderState.cpp; sourceTree = "<group>"; };
		C211D8E923A1481700CFE6E6 /* CommandBuffer.cpp */ = {isa = PBXFileReference; fileEncoding = 4; lastKnownFileType = sourcecode.cpp.cpp; path = CommandBuffer.cpp; sourceTree = "<group>"; };
		C211D8EB23A1481700CFE6E6 /* EiRas.cpp */ = {isa = PBXFileReference; fileEncoding = 4; lastKnownFileType = sourcecode.cpp.cpp; path = EiRas.cpp; sourceTree = "<group>"; };
		C211D8EC23A1481700CFE6E6 /* EiRas.hpp */ = {isa = PBXFileReference; fileEncoding = 4; lastKnownFileType = sourcecode.cpp.h; path = EiRas.hpp; sourceTree = "<group>"; };
		C211D8EE23A1481700CFE6E6 /* EiRasProtocol.h */ = {isa = PBXFileReference; fileEncoding = 4; lastKnownFileType = sourcecode.c.h; path = EiRasProtocol.h; sourceTree = "<group>"; };
		C211D8F023A1481700CFE6E6 /* EiRasGlobalManager.hpp */ = {isa = PBXFileReference; fileEncoding = 4; lastKnownFileType = sourcecode.cpp.h; path = EiRasGlobalManager.hpp; sourceTree = "<group>"; };
		C211D8F123A1481700CFE6E6 /* PlatformDefine.h */ = {isa = PBXFileReference; fileEncoding = 4; lastKnownFileType = sourcecode.c.h; path = PlatformDefine.h; sourceTree = "<group>"; };
		C211D8F223A1481700CFE6E6 /* EiRasGlobalManager.cpp */ = {isa = PBXFileReference; fileEncoding = 4; lastKnownFileType = sourcecode.cpp.cpp; path = EiRasGlobalManager.cpp; sourceTree = "<group>"; };
		C211D8F423A1481700CFE6E6 /* EiRasPlatformBridgeProtocol.h */ = {isa = PBXFileReference; fileEncoding = 4; lastKnownFileType = sourcecode.c.h; path = EiRasPlatformBridgeProtocol.h; sourceTree = "<group>"; };
		C211D8F623A1481700CFE6E6 /* MaterialLayout.cpp */ = {isa = PBXFileReference; fileEncoding = 4; lastKnownFileType = sourcecode.cpp.cpp; path = MaterialLayout.cpp; sourceTree = "<group>"; };
		C211D8F723A1481700CFE6E6 /* Material.hpp */ = {isa = PBXFileReference; fileEncoding = 4; lastKnownFileType = sourcecode.cpp.h; path = Material.hpp; sourceTree = "<group>"; };
		C211D8F823A1481700CFE6E6 /* GraphicsResourceHeap.cpp */ = {isa = PBXFileReference; fileEncoding = 4; lastKnownFileType = sourcecode.cpp.cpp; path = GraphicsResourceHeap.cpp; sourceTree = "<group>"; };
		C211D8F923A1481700CFE6E6 /* ShaderLayout.h */ = {isa = PBXFileReference; fileEncoding = 4; lastKnownFileType = sourcecode.c.h; path = ShaderLayout.h; sourceTree = "<group>"; };
		C211D8FA23A1481700CFE6E6 /* ShaderLayout.cpp */ = {isa = PBXFileReference; fileEncoding = 4; lastKnownFileType = sourcecode.cpp.cpp; path = ShaderLayout.cpp; sourceTree = "<group>"; };
		C211D8FB23A1481700CFE6E6 /* GraphicsResource.cpp */ = {isa = PBXFileReference; fileEncoding = 4; lastKnownFileType = sourcecode.cpp.cpp; path = GraphicsResource.cpp; sourceTree = "<group>"; };
		C211D8FC23A1481700CFE6E6 /* Shader.cpp */ = {isa = PBXFileReference; fileEncoding = 4; lastKnownFileType = sourcecode.cpp.cpp; path = Shader.cpp; sourceTree = "<group>"; };
		C211D8FD23A1481700CFE6E6 /* GraphicsResource.hpp */ = {isa = PBXFileReference; fileEncoding = 4; lastKnownFileType = sourcecode.cpp.h; path = GraphicsResource.hpp; sourceTree = "<group>"; };
		C211D8FE23A1481700CFE6E6 /* Shader.hpp */ = {isa = PBXFileReference; fileEncoding = 4; lastKnownFileType = sourcecode.cpp.h; path = Shader.hpp; sourceTree = "<group>"; };
		C211D8FF23A1481700CFE6E6 /* MaterialLayout.hpp */ = {isa = PBXFileReference; fileEncoding = 4; lastKnownFileType = sourcecode.cpp.h; path = MaterialLayout.hpp; sourceTree = "<group>"; };
		C211D90023A1481700CFE6E6 /* Material.cpp */ = {isa = PBXFileReference; fileEncoding = 4; lastKnownFileType = sourcecode.cpp.cpp; path = Material.cpp; sourceTree = "<group>"; };
		C211D90123A1481700CFE6E6 /* GraphicsResourceHeap.hpp */ = {isa = PBXFileReference; fileEncoding = 4; lastKnownFileType = sourcecode.cpp.h; path = GraphicsResourceHeap.hpp; sourceTree = "<group>"; };
		C211D98D23A1554F00CFE6E6 /* GlobalDefine.h */ = {isa = PBXFileReference; lastKnownFileType = sourcecode.c.h; path = GlobalDefine.h; sourceTree = "<group>"; };
		C22DFCC4241001D500FB2234 /* MeshMetalBridge.cpp */ = {isa = PBXFileReference; fileEncoding = 4; lastKnownFileType = sourcecode.cpp.cpp; path = MeshMetalBridge.cpp; sourceTree = "<group>"; };
		C22DFCC5241001D500FB2234 /* MeshMetalAdapter.mm */ = {isa = PBXFileReference; fileEncoding = 4; lastKnownFileType = sourcecode.cpp.objcpp; path = MeshMetalAdapter.mm; sourceTree = "<group>"; };
		C22DFCC6241001D500FB2234 /* MeshMetalAdapter.hpp */ = {isa = PBXFileReference; fileEncoding = 4; lastKnownFileType = sourcecode.cpp.h; path = MeshMetalAdapter.hpp; sourceTree = "<group>"; };
		C22DFCC7241001D500FB2234 /* MeshMetal.h */ = {isa = PBXFileReference; fileEncoding = 4; lastKnownFileType = sourcecode.c.h; path = MeshMetal.h; sourceTree = "<group>"; };
		C22DFCC8241001D500FB2234 /* MeshMetal.mm */ = {isa = PBXFileReference; fileEncoding = 4; lastKnownFileType = sourcecode.cpp.objcpp; path = MeshMetal.mm; sourceTree = "<group>"; };
		C22DFCC9241001D500FB2234 /* MeshMetalBridge.hpp */ = {isa = PBXFileReference; fileEncoding = 4; lastKnownFileType = sourcecode.cpp.h; path = MeshMetalBridge.hpp; sourceTree = "<group>"; };
		C22DFCCA241001D500FB2234 /* BaseMetalObject.m */ = {isa = PBXFileReference; fileEncoding = 4; lastKnownFileType = sourcecode.c.objc; path = BaseMetalObject.m; sourceTree = "<group>"; };
		C22DFCCC241001D500FB2234 /* ShaderMetalBridge.hpp */ = {isa = PBXFileReference; fileEncoding = 4; lastKnownFileType = sourcecode.cpp.h; path = ShaderMetalBridge.hpp; sourceTree = "<group>"; };
		C22DFCCD241001D500FB2234 /* ShaderMetalAdapter.hpp */ = {isa = PBXFileReference; fileEncoding = 4; lastKnownFileType = sourcecode.cpp.h; path = ShaderMetalAdapter.hpp; sourceTree = "<group>"; };
		C22DFCCE241001D500FB2234 /* ShaderMetal.h */ = {isa = PBXFileReference; fileEncoding = 4; lastKnownFileType = sourcecode.c.h; path = ShaderMetal.h; sourceTree = "<group>"; };
		C22DFCCF241001D500FB2234 /* ShaderMetalAdapter.mm */ = {isa = PBXFileReference; fileEncoding = 4; lastKnownFileType = sourcecode.cpp.objcpp; path = ShaderMetalAdapter.mm; sourceTree = "<group>"; };
		C22DFCD0241001D500FB2234 /* ShaderMetal.mm */ = {isa = PBXFileReference; fileEncoding = 4; lastKnownFileType = sourcecode.cpp.objcpp; path = ShaderMetal.mm; sourceTree = "<group>"; };
		C22DFCD1241001D500FB2234 /* ShaderMetalBridge.cpp */ = {isa = PBXFileReference; fileEncoding = 4; lastKnownFileType = sourcecode.cpp.cpp; path = ShaderMetalBridge.cpp; sourceTree = "<group>"; };
		C22DFCD3241001D500FB2234 /* AAPLShaders.metal */ = {isa = PBXFileReference; fileEncoding = 4; lastKnownFileType = sourcecode.metal; path = AAPLShaders.metal; sourceTree = "<group>"; };
		C22DFCD5241001D500FB2234 /* EiRasMetalBridge.hpp */ = {isa = PBXFileReference; fileEncoding = 4; lastKnownFileType = sourcecode.cpp.h; path = EiRasMetalBridge.hpp; sourceTree = "<group>"; };
		C22DFCD6241001D500FB2234 /* EiRasMetalAdapter.hpp */ = {isa = PBXFileReference; fileEncoding = 4; lastKnownFileType = sourcecode.cpp.h; path = EiRasMetalAdapter.hpp; sourceTree = "<group>"; };
		C22DFCD7241001D500FB2234 /* EiRasMetal.h */ = {isa = PBXFileReference; fileEncoding = 4; lastKnownFileType = sourcecode.c.h; path = EiRasMetal.h; sourceTree = "<group>"; };
		C22DFCD8241001D500FB2234 /* EiRasMetalAdapter.mm */ = {isa = PBXFileReference; fileEncoding = 4; lastKnownFileType = sourcecode.cpp.objcpp; path = EiRasMetalAdapter.mm; sourceTree = "<group>"; };
		C22DFCD9241001D500FB2234 /* EiRasMetalBridge.cpp */ = {isa = PBXFileReference; fileEncoding = 4; lastKnownFileType = sourcecode.cpp.cpp; path = EiRasMetalBridge.cpp; sourceTree = "<group>"; };
		C22DFCDA241001D500FB2234 /* EiRasMetal.mm */ = {isa = PBXFileReference; fileEncoding = 4; lastKnownFileType = sourcecode.cpp.objcpp; path = EiRasMetal.mm; sourceTree = "<group>"; };
		C22DFCDB241001D500FB2234 /* BaseMetalObject.h */ = {isa = PBXFileReference; fileEncoding = 4; lastKnownFileType = sourcecode.c.h; path = BaseMetalObject.h; sourceTree = "<group>"; };
		C22DFCDD241001D500FB2234 /* GraphicsResourceMetalAdapter.mm */ = {isa = PBXFileReference; fileEncoding = 4; lastKnownFileType = sourcecode.cpp.objcpp; path = GraphicsResourceMetalAdapter.mm; sourceTree = "<group>"; };
		C22DFCDE241001D500FB2234 /* ConstantBufferMetal.mm */ = {isa = PBXFileReference; fileEncoding = 4; lastKnownFileType = sourcecode.cpp.objcpp; path = ConstantBufferMetal.mm; sourceTree = "<group>"; };
		C22DFCDF241001D500FB2234 /* GraphicsResourceHeapMetal.h */ = {isa = PBXFileReference; fileEncoding = 4; lastKnownFileType = sourcecode.c.h; path = GraphicsResourceHeapMetal.h; sourceTree = "<group>"; };
		C22DFCE0241001D500FB2234 /* GraphicsResourceHeapMetalBridge.cpp */ = {isa = PBXFileReference; fileEncoding = 4; lastKnownFileType = sourcecode.cpp.cpp; path = GraphicsResourceHeapMetalBridge.cpp; sourceTree = "<group>"; };
		C22DFCE1241001D500FB2234 /* MaterialMetalAdapter.hpp */ = {isa = PBXFileReference; fileEncoding = 4; lastKnownFileType = sourcecode.cpp.h; path = MaterialMetalAdapter.hpp; sourceTree = "<group>"; };
		C22DFCE2241001D500FB2234 /* MaterialMetalBridge.cpp */ = {isa = PBXFileReference; fileEncoding = 4; lastKnownFileType = sourcecode.cpp.cpp; path = MaterialMetalBridge.cpp; sourceTree = "<group>"; };
		C22DFCE3241001D500FB2234 /* GraphicsResourceMetal.mm */ = {isa = PBXFileReference; fileEncoding = 4; lastKnownFileType = sourcecode.cpp.objcpp; path = GraphicsResourceMetal.mm; sourceTree = "<group>"; };
		C22DFCE4241001D500FB2234 /* GraphicsResourceMetalAdapter.hpp */ = {isa = PBXFileReference; fileEncoding = 4; lastKnownFileType = sourcecode.cpp.h; path = GraphicsResourceMetalAdapter.hpp; sourceTree = "<group>"; };
		C22DFCE5241001D500FB2234 /* MaterialMetalAdapter.mm */ = {isa = PBXFileReference; fileEncoding = 4; lastKnownFileType = sourcecode.cpp.objcpp; path = MaterialMetalAdapter.mm; sourceTree = "<group>"; };
		C22DFCE6241001D500FB2234 /* MaterialMetal.h */ = {isa = PBXFileReference; fileEncoding = 4; lastKnownFileType = sourcecode.c.h; path = MaterialMetal.h; sourceTree = "<group>"; };
		C22DFCE7241001D500FB2234 /* GraphicsResourceHeapMetalAdapter.mm */ = {isa = PBXFileReference; fileEncoding = 4; lastKnownFileType = sourcecode.cpp.objcpp; path = GraphicsResourceHeapMetalAdapter.mm; sourceTree = "<group>"; };
		C22DFCE8241001D500FB2234 /* ConstantBufferMetal.h */ = {isa = PBXFileReference; fileEncoding = 4; lastKnownFileType = sourcecode.c.h; path = ConstantBufferMetal.h; sourceTree = "<group>"; };
		C22DFCE9241001D500FB2234 /* GraphicsResourceMetalBridge.cpp */ = {isa = PBXFileReference; fileEncoding = 4; lastKnownFileType = sourcecode.cpp.cpp; path = GraphicsResourceMetalBridge.cpp; sourceTree = "<group>"; };
		C22DFCEA241001D500FB2234 /* GraphicsResourceHeapMetal.mm */ = {isa = PBXFileReference; fileEncoding = 4; lastKnownFileType = sourcecode.cpp.objcpp; path = GraphicsResourceHeapMetal.mm; sourceTree = "<group>"; };
		C22DFCEB241001D500FB2234 /* MaterialMetal.mm */ = {isa = PBXFileReference; fileEncoding = 4; lastKnownFileType = sourcecode.cpp.objcpp; path = MaterialMetal.mm; sourceTree = "<group>"; };
		C22DFCEC241001D500FB2234 /* GraphicsResourceMetal.h */ = {isa = PBXFileReference; fileEncoding = 4; lastKnownFileType = sourcecode.c.h; path = GraphicsResourceMetal.h; sourceTree = "<group>"; };
		C22DFCED241001D500FB2234 /* GraphicsResourceHeapMetalAdapter.hpp */ = {isa = PBXFileReference; fileEncoding = 4; lastKnownFileType = sourcecode.cpp.h; path = GraphicsResourceHeapMetalAdapter.hpp; sourceTree = "<group>"; };
		C22DFCEE241001D500FB2234 /* GraphicsResourceMetalBridge.hpp */ = {isa = PBXFileReference; fileEncoding = 4; lastKnownFileType = sourcecode.cpp.h; path = GraphicsResourceMetalBridge.hpp; sourceTree = "<group>"; };
		C22DFCEF241001D500FB2234 /* GraphicsResourceHeapMetalBridge.hpp */ = {isa = PBXFileReference; fileEncoding = 4; lastKnownFileType = sourcecode.cpp.h; path = GraphicsResourceHeapMetalBridge.hpp; sourceTree = "<group>"; };
		C22DFCF0241001D500FB2234 /* MaterialMetalBridge.hpp */ = {isa = PBXFileReference; fileEncoding = 4; lastKnownFileType = sourcecode.cpp.h; path = MaterialMetalBridge.hpp; sourceTree = "<group>"; };
		C22DFCF2241001D500FB2234 /* CommandBufferMetal.h */ = {isa = PBXFileReference; fileEncoding = 4; lastKnownFileType = sourcecode.c.h; path = CommandBufferMetal.h; sourceTree = "<group>"; };
		C22DFCF3241001D500FB2234 /* CommandBufferMetalAdapter.hpp */ = {isa = PBXFileReference; fileEncoding = 4; lastKnownFileType = sourcecode.cpp.h; path = CommandBufferMetalAdapter.hpp; sourceTree = "<group>"; };
		C22DFCF4241001D500FB2234 /* CommandBufferMetalAdapter.mm */ = {isa = PBXFileReference; fileEncoding = 4; lastKnownFileType = sourcecode.cpp.objcpp; path = CommandBufferMetalAdapter.mm; sourceTree = "<group>"; };
		C22DFCF5241001D500FB2234 /* CommandBufferMetal.mm */ = {isa = PBXFileReference; fileEncoding = 4; lastKnownFileType = sourcecode.cpp.objcpp; path = CommandBufferMetal.mm; sourceTree = "<group>"; };
		C22DFCF6241001D500FB2234 /* CommandBufferMetalBridge.cpp */ = {isa = PBXFileReference; fileEncoding = 4; lastKnownFileType = sourcecode.cpp.cpp; path = CommandBufferMetalBridge.cpp; sourceTree = "<group>"; };
		C22DFCF7241001D500FB2234 /* CommandBufferMetalBridge.hpp */ = {isa = PBXFileReference; fileEncoding = 4; lastKnownFileType = sourcecode.cpp.h; path = CommandBufferMetalBridge.hpp; sourceTree = "<group>"; };
		C22DFCF8241001D500FB2234 /* MetalMacro.h */ = {isa = PBXFileReference; fileEncoding = 4; lastKnownFileType = sourcecode.c.h; path = MetalMacro.h; sourceTree = "<group>"; };
		C22DFD122412B06900FB2234 /* libassimp.a */ = {isa = PBXFileReference; lastKnownFileType = archive.ar; path = libassimp.a; sourceTree = "<group>"; };
		C22DFD132412B06900FB2234 /* libIrrXML.a */ = {isa = PBXFileReference; lastKnownFileType = archive.ar; path = libIrrXML.a; sourceTree = "<group>"; };
		C22DFD142412B06900FB2234 /* libzlibstatic.a */ = {isa = PBXFileReference; lastKnownFileType = archive.ar; path = libzlibstatic.a; sourceTree = "<group>"; };
		C22DFD182412B0A400FB2234 /* Image.hpp */ = {isa = PBXFileReference; fileEncoding = 4; lastKnownFileType = sourcecode.cpp.h; path = Image.hpp; sourceTree = "<group>"; };
		C22DFD192412B0A400FB2234 /* Image.cpp */ = {isa = PBXFileReference; fileEncoding = 4; lastKnownFileType = sourcecode.cpp.cpp; path = Image.cpp; sourceTree = "<group>"; };
		C22DFD1C2412B0B400FB2234 /* ImageSys.cpp */ = {isa = PBXFileReference; fileEncoding = 4; lastKnownFileType = sourcecode.cpp.cpp; path = ImageSys.cpp; sourceTree = "<group>"; };
		C22DFD1D2412B0B400FB2234 /* ImageSys.hpp */ = {isa = PBXFileReference; fileEncoding = 4; lastKnownFileType = sourcecode.cpp.h; path = ImageSys.hpp; sourceTree = "<group>"; };
		C23CAC9D2379A37F00AA5737 /* EiRasMetalBuild.app */ = {isa = PBXFileReference; explicitFileType = wrapper.application; includeInIndex = 0; path = EiRasMetalBuild.app; sourceTree = BUILT_PRODUCTS_DIR; };
		C23CACA02379A37F00AA5737 /* AppDelegate.h */ = {isa = PBXFileReference; lastKnownFileType = sourcecode.c.h; path = AppDelegate.h; sourceTree = "<group>"; };
		C23CACA12379A37F00AA5737 /* AppDelegate.m */ = {isa = PBXFileReference; lastKnownFileType = sourcecode.c.objc; path = AppDelegate.m; sourceTree = "<group>"; };
		C23CACA32379A37F00AA5737 /* ViewController.h */ = {isa = PBXFileReference; lastKnownFileType = sourcecode.c.h; path = ViewController.h; sourceTree = "<group>"; };
		C23CACA42379A37F00AA5737 /* ViewController.mm */ = {isa = PBXFileReference; lastKnownFileType = sourcecode.cpp.objcpp; path = ViewController.mm; sourceTree = "<group>"; };
		C23CACA62379A38200AA5737 /* Assets.xcassets */ = {isa = PBXFileReference; lastKnownFileType = folder.assetcatalog; path = Assets.xcassets; sourceTree = "<group>"; };
		C23CACA92379A38200AA5737 /* Base */ = {isa = PBXFileReference; lastKnownFileType = file.storyboard; name = Base; path = Base.lproj/Main.storyboard; sourceTree = "<group>"; };
		C23CACAB2379A38200AA5737 /* Info.plist */ = {isa = PBXFileReference; lastKnownFileType = text.plist.xml; path = Info.plist; sourceTree = "<group>"; };
		C23CACAC2379A38200AA5737 /* main.m */ = {isa = PBXFileReference; lastKnownFileType = sourcecode.c.objc; path = main.m; sourceTree = "<group>"; };
		C23CACAE2379A38200AA5737 /* EiRasMetalBuild.entitlements */ = {isa = PBXFileReference; lastKnownFileType = text.plist.entitlements; path = EiRasMetalBuild.entitlements; sourceTree = "<group>"; };
		C23CACB32379A38200AA5737 /* EiRasMetalBuildTests.xctest */ = {isa = PBXFileReference; explicitFileType = wrapper.cfbundle; includeInIndex = 0; path = EiRasMetalBuildTests.xctest; sourceTree = BUILT_PRODUCTS_DIR; };
		C23CACB72379A38200AA5737 /* EiRasMetalBuildTests.m */ = {isa = PBXFileReference; lastKnownFileType = sourcecode.c.objc; path = EiRasMetalBuildTests.m; sourceTree = "<group>"; };
		C23CACB92379A38200AA5737 /* Info.plist */ = {isa = PBXFileReference; lastKnownFileType = text.plist.xml; path = Info.plist; sourceTree = "<group>"; };
		C23CACBE2379A38200AA5737 /* EiRasMetalBuildUITests.xctest */ = {isa = PBXFileReference; explicitFileType = wrapper.cfbundle; includeInIndex = 0; path = EiRasMetalBuildUITests.xctest; sourceTree = BUILT_PRODUCTS_DIR; };
		C23CACC22379A38200AA5737 /* EiRasMetalBuildUITests.m */ = {isa = PBXFileReference; lastKnownFileType = sourcecode.c.objc; path = EiRasMetalBuildUITests.m; sourceTree = "<group>"; };
		C23CACC42379A38200AA5737 /* Info.plist */ = {isa = PBXFileReference; lastKnownFileType = text.plist.xml; path = Info.plist; sourceTree = "<group>"; };
		C23CAD30237AF2E600AA5737 /* MetalKit.framework */ = {isa = PBXFileReference; lastKnownFileType = wrapper.framework; name = MetalKit.framework; path = System/Library/Frameworks/MetalKit.framework; sourceTree = SDKROOT; };
		C28BA17F23E487E900EDAE43 /* Camera.cpp */ = {isa = PBXFileReference; lastKnownFileType = sourcecode.cpp.cpp; path = Camera.cpp; sourceTree = "<group>"; };
		C28BA18023E487E900EDAE43 /* Camera.hpp */ = {isa = PBXFileReference; lastKnownFileType = sourcecode.cpp.h; path = Camera.hpp; sourceTree = "<group>"; };
		C28BA18523E494C100EDAE43 /* TransformSys.hpp */ = {isa = PBXFileReference; fileEncoding = 4; lastKnownFileType = sourcecode.cpp.h; path = TransformSys.hpp; sourceTree = "<group>"; };
		C28BA18623E494C100EDAE43 /* TransformSys.cpp */ = {isa = PBXFileReference; fileEncoding = 4; lastKnownFileType = sourcecode.cpp.cpp; path = TransformSys.cpp; sourceTree = "<group>"; };
		C2D7AFFD23D09F6B005A2B2B /* GraphicsVertexDescriptor.cpp */ = {isa = PBXFileReference; lastKnownFileType = sourcecode.cpp.cpp; path = GraphicsVertexDescriptor.cpp; sourceTree = "<group>"; };
		C2D7AFFE23D09F6B005A2B2B /* GraphicsVertexDescriptor.hpp */ = {isa = PBXFileReference; lastKnownFileType = sourcecode.cpp.h; path = GraphicsVertexDescriptor.hpp; sourceTree = "<group>"; };
		C2F34C7A23AF942900995E92 /* Math.cpp */ = {isa = PBXFileReference; lastKnownFileType = sourcecode.cpp.cpp; path = Math.cpp; sourceTree = "<group>"; };
		C2F34C7B23AF942900995E92 /* Math.hpp */ = {isa = PBXFileReference; lastKnownFileType = sourcecode.cpp.h; path = Math.hpp; sourceTree = "<group>"; };
		C2F34C7D23AFAC6900995E92 /* VertexDataType.h */ = {isa = PBXFileReference; lastKnownFileType = sourcecode.c.h; path = VertexDataType.h; sourceTree = "<group>"; };
		C2F34CCA23B24EF700995E92 /* MeshLoader.h */ = {isa = PBXFileReference; fileEncoding = 4; lastKnownFileType = sourcecode.c.h; path = MeshLoader.h; sourceTree = "<group>"; };
		C2F34CCB23B24EF700995E92 /* MeshLoader.cpp */ = {isa = PBXFileReference; fileEncoding = 4; lastKnownFileType = sourcecode.cpp.cpp; path = MeshLoader.cpp; sourceTree = "<group>"; };
		C2F6BB0723C0F65B0031E0C7 /* FileManager.cpp */ = {isa = PBXFileReference; lastKnownFileType = sourcecode.cpp.cpp; path = FileManager.cpp; sourceTree = "<group>"; };
		C2F6BB0823C0F65B0031E0C7 /* FileManager.hpp */ = {isa = PBXFileReference; lastKnownFileType = sourcecode.cpp.h; path = FileManager.hpp; sourceTree = "<group>"; };
		C2F6BB0E23C0FBCA0031E0C7 /* FileManagerMacOSAdapter.mm */ = {isa = PBXFileReference; lastKnownFileType = sourcecode.cpp.objcpp; path = FileManagerMacOSAdapter.mm; sourceTree = "<group>"; };
		C2F6BB0F23C0FBCA0031E0C7 /* FileManagerMacOSAdapter.h */ = {isa = PBXFileReference; lastKnownFileType = sourcecode.c.h; path = FileManagerMacOSAdapter.h; sourceTree = "<group>"; };
		C2F6BB1123C0FC680031E0C7 /* FileManagerMacOS.h */ = {isa = PBXFileReference; lastKnownFileType = sourcecode.c.h; path = FileManagerMacOS.h; sourceTree = "<group>"; };
		C2F6BB1223C0FC680031E0C7 /* FileManagerMacOS.mm */ = {isa = PBXFileReference; lastKnownFileType = sourcecode.cpp.objcpp; path = FileManagerMacOS.mm; sourceTree = "<group>"; };
		C2F6BB1723C399E00031E0C7 /* LogManager.cpp */ = {isa = PBXFileReference; lastKnownFileType = sourcecode.cpp.cpp; path = LogManager.cpp; sourceTree = "<group>"; };
		C2F6BB1823C399E00031E0C7 /* LogManager.hpp */ = {isa = PBXFileReference; lastKnownFileType = sourcecode.cpp.h; path = LogManager.hpp; sourceTree = "<group>"; };
		C2F6BB1B23C39A860031E0C7 /* LogManagerMacOSAdapter.mm */ = {isa = PBXFileReference; lastKnownFileType = sourcecode.cpp.objcpp; path = LogManagerMacOSAdapter.mm; sourceTree = "<group>"; };
		C2F6BB1C23C39A860031E0C7 /* LogManagerMacOSAdapter.hpp */ = {isa = PBXFileReference; lastKnownFileType = sourcecode.cpp.h; path = LogManagerMacOSAdapter.hpp; sourceTree = "<group>"; };
		C2F6BB1E23C39AE20031E0C7 /* LogManagerMacOS.h */ = {isa = PBXFileReference; lastKnownFileType = sourcecode.c.h; path = LogManagerMacOS.h; sourceTree = "<group>"; };
		C2F6BB1F23C39AE20031E0C7 /* LogManagerMacOS.mm */ = {isa = PBXFileReference; lastKnownFileType = sourcecode.cpp.objcpp; path = LogManagerMacOS.mm; sourceTree = "<group>"; };
/* End PBXFileReference section */

/* Begin PBXFrameworksBuildPhase section */
		C23CAC9A2379A37F00AA5737 /* Frameworks */ = {
			isa = PBXFrameworksBuildPhase;
			buildActionMask = 2147483647;
			files = (
				C22DFD172412B06900FB2234 /* libzlibstatic.a in Frameworks */,
				C22DFD162412B06900FB2234 /* libIrrXML.a in Frameworks */,
				C22DFD152412B06900FB2234 /* libassimp.a in Frameworks */,
				C23CAD31237AF2E600AA5737 /* MetalKit.framework in Frameworks */,
			);
			runOnlyForDeploymentPostprocessing = 0;
		};
		C23CACB02379A38200AA5737 /* Frameworks */ = {
			isa = PBXFrameworksBuildPhase;
			buildActionMask = 2147483647;
			files = (
			);
			runOnlyForDeploymentPostprocessing = 0;
		};
		C23CACBB2379A38200AA5737 /* Frameworks */ = {
			isa = PBXFrameworksBuildPhase;
			buildActionMask = 2147483647;
			files = (
			);
			runOnlyForDeploymentPostprocessing = 0;
		};
/* End PBXFrameworksBuildPhase section */

/* Begin PBXGroup section */
		C206144D23A93D07003ED81D /* Common */ = {
			isa = PBXGroup;
			children = (
				C206144E23A93D07003ED81D /* Engine.hpp */,
				C206145023A93D07003ED81D /* Engine.cpp */,
				C20EE8992414F06C00E545E5 /* Resource */,
			);
			name = Common;
			path = ../../../Common;
			sourceTree = "<group>";
		};
		C20EE8992414F06C00E545E5 /* Resource */ = {
			isa = PBXGroup;
			children = (
				C20EE8A92414F0D500E545E5 /* Texture */,
				C20EE8A62414F0CA00E545E5 /* Model */,
			);
			path = Resource;
			sourceTree = "<group>";
		};
		C20EE8A62414F0CA00E545E5 /* Model */ = {
			isa = PBXGroup;
			children = (
				C20EE8A72414F0CA00E545E5 /* qumian.obj */,
			);
			path = Model;
			sourceTree = "<group>";
		};
		C20EE8A92414F0D500E545E5 /* Texture */ = {
			isa = PBXGroup;
			children = (
				C20EE8AA2414F0D500E545E5 /* ef_glow_94.tga */,
				C20EE8AB2414F0D500E545E5 /* ground.png */,
				C20EE8AC2414F0D500E545E5 /* ground512.png */,
			);
			path = Texture;
			sourceTree = "<group>";
		};
		C20EE8B024227A6600E545E5 /* FontSys */ = {
			isa = PBXGroup;
			children = (
				C20EE8B124227A6600E545E5 /* FontSys.cpp */,
				C20EE8B224227A6600E545E5 /* FontManager.hpp */,
				C20EE8B324227A6600E545E5 /* FontSys.hpp */,
				C20EE8B424227A6600E545E5 /* FontManager.cpp */,
			);
			path = FontSys;
			sourceTree = "<group>";
		};
		C211D8D623A1481700CFE6E6 /* Framework */ = {
			isa = PBXGroup;
			children = (
				C2F6BB0623C0F6370031E0C7 /* Component */,
				C211D8D723A1481700CFE6E6 /* EiRas */,
			);
			name = Framework;
			path = ../../../../Framework;
			sourceTree = "<group>";
		};
		C211D8D723A1481700CFE6E6 /* EiRas */ = {
			isa = PBXGroup;
			children = (
				C28BA17E23E487CE00EDAE43 /* Basic */,
				C2F34C7923AF940900995E92 /* Math */,
				C211D8D923A1481700CFE6E6 /* Mesh */,
				C211D8DF23A1481700CFE6E6 /* Utils */,
				C211D8E523A1481700CFE6E6 /* Graphics */,
				C211D8EA23A1481700CFE6E6 /* GraphicsAPI */,
				C211D8ED23A1481700CFE6E6 /* Protocols */,
				C211D8EF23A1481700CFE6E6 /* Global */,
				C211D8F523A1481700CFE6E6 /* Material */,
				C211D90223A1481700CFE6E6 /* PlatformDependency */,
			);
			path = EiRas;
			sourceTree = "<group>";
		};
		C211D8D923A1481700CFE6E6 /* Mesh */ = {
			isa = PBXGroup;
			children = (
				C2F34CCB23B24EF700995E92 /* MeshLoader.cpp */,
				C2F34CCA23B24EF700995E92 /* MeshLoader.h */,
				C211D8DA23A1481700CFE6E6 /* Mesh.cpp */,
				C211D8DB23A1481700CFE6E6 /* Mesh.hpp */,
			);
			path = Mesh;
			sourceTree = "<group>";
		};
		C211D8DF23A1481700CFE6E6 /* Utils */ = {
			isa = PBXGroup;
			children = (
			);
			path = Utils;
			sourceTree = "<group>";
		};
		C211D8E523A1481700CFE6E6 /* Graphics */ = {
			isa = PBXGroup;
			children = (
				C211D8E623A1481700CFE6E6 /* GraphicsRenderState.hpp */,
				C211D8E723A1481700CFE6E6 /* CommandBuffer.hpp */,
				C211D8E823A1481700CFE6E6 /* GraphicsRenderState.cpp */,
				C211D8E923A1481700CFE6E6 /* CommandBuffer.cpp */,
				C2F34C7D23AFAC6900995E92 /* VertexDataType.h */,
				C2D7AFFD23D09F6B005A2B2B /* GraphicsVertexDescriptor.cpp */,
				C2D7AFFE23D09F6B005A2B2B /* GraphicsVertexDescriptor.hpp */,
			);
			path = Graphics;
			sourceTree = "<group>";
		};
		C211D8EA23A1481700CFE6E6 /* GraphicsAPI */ = {
			isa = PBXGroup;
			children = (
				C211D8EB23A1481700CFE6E6 /* EiRas.cpp */,
				C211D8EC23A1481700CFE6E6 /* EiRas.hpp */,
			);
			path = GraphicsAPI;
			sourceTree = "<group>";
		};
		C211D8ED23A1481700CFE6E6 /* Protocols */ = {
			isa = PBXGroup;
			children = (
				C211D8EE23A1481700CFE6E6 /* EiRasProtocol.h */,
			);
			path = Protocols;
			sourceTree = "<group>";
		};
		C211D8EF23A1481700CFE6E6 /* Global */ = {
			isa = PBXGroup;
			children = (
				C211D98D23A1554F00CFE6E6 /* GlobalDefine.h */,
				C211D8F023A1481700CFE6E6 /* EiRasGlobalManager.hpp */,
				C211D8F123A1481700CFE6E6 /* PlatformDefine.h */,
				C211D8F223A1481700CFE6E6 /* EiRasGlobalManager.cpp */,
				C211D8F323A1481700CFE6E6 /* PlatformDependency */,
			);
			path = Global;
			sourceTree = "<group>";
		};
		C211D8F323A1481700CFE6E6 /* PlatformDependency */ = {
			isa = PBXGroup;
			children = (
				C211D8F423A1481700CFE6E6 /* EiRasPlatformBridgeProtocol.h */,
			);
			path = PlatformDependency;
			sourceTree = "<group>";
		};
		C211D8F523A1481700CFE6E6 /* Material */ = {
			isa = PBXGroup;
			children = (
				C211D8F923A1481700CFE6E6 /* ShaderLayout.h */,
				C211D8FA23A1481700CFE6E6 /* ShaderLayout.cpp */,
				C211D8FF23A1481700CFE6E6 /* MaterialLayout.hpp */,
				C211D8F623A1481700CFE6E6 /* MaterialLayout.cpp */,
				C211D8FD23A1481700CFE6E6 /* GraphicsResource.hpp */,
				C211D8FB23A1481700CFE6E6 /* GraphicsResource.cpp */,
				C211D8F723A1481700CFE6E6 /* Material.hpp */,
				C211D90023A1481700CFE6E6 /* Material.cpp */,
				C211D8FC23A1481700CFE6E6 /* Shader.cpp */,
				C211D8FE23A1481700CFE6E6 /* Shader.hpp */,
				C211D8F823A1481700CFE6E6 /* GraphicsResourceHeap.cpp */,
				C211D90123A1481700CFE6E6 /* GraphicsResourceHeap.hpp */,
			);
			path = Material;
			sourceTree = "<group>";
		};
		C211D90223A1481700CFE6E6 /* PlatformDependency */ = {
			isa = PBXGroup;
			children = (
				C22DFCC2241001D500FB2234 /* OnMetal */,
			);
			path = PlatformDependency;
			sourceTree = "<group>";
		};
		C22DFCC2241001D500FB2234 /* OnMetal */ = {
			isa = PBXGroup;
			children = (
				C22DFCC3241001D500FB2234 /* Mesh */,
				C22DFCCA241001D500FB2234 /* BaseMetalObject.m */,
				C22DFCCB241001D500FB2234 /* Shader */,
				C22DFCD2241001D500FB2234 /* ShaderFile */,
				C22DFCD4241001D500FB2234 /* GraphicsAPI */,
				C22DFCDB241001D500FB2234 /* BaseMetalObject.h */,
				C22DFCDC241001D500FB2234 /* Material */,
				C22DFCF1241001D500FB2234 /* CommandBuffer */,
				C22DFCF8241001D500FB2234 /* MetalMacro.h */,
			);
			path = OnMetal;
			sourceTree = "<group>";
		};
		C22DFCC3241001D500FB2234 /* Mesh */ = {
			isa = PBXGroup;
			children = (
				C22DFCC4241001D500FB2234 /* MeshMetalBridge.cpp */,
				C22DFCC5241001D500FB2234 /* MeshMetalAdapter.mm */,
				C22DFCC6241001D500FB2234 /* MeshMetalAdapter.hpp */,
				C22DFCC7241001D500FB2234 /* MeshMetal.h */,
				C22DFCC8241001D500FB2234 /* MeshMetal.mm */,
				C22DFCC9241001D500FB2234 /* MeshMetalBridge.hpp */,
			);
			path = Mesh;
			sourceTree = "<group>";
		};
		C22DFCCB241001D500FB2234 /* Shader */ = {
			isa = PBXGroup;
			children = (
				C22DFCCC241001D500FB2234 /* ShaderMetalBridge.hpp */,
				C22DFCCD241001D500FB2234 /* ShaderMetalAdapter.hpp */,
				C22DFCCE241001D500FB2234 /* ShaderMetal.h */,
				C22DFCCF241001D500FB2234 /* ShaderMetalAdapter.mm */,
				C22DFCD0241001D500FB2234 /* ShaderMetal.mm */,
				C22DFCD1241001D500FB2234 /* ShaderMetalBridge.cpp */,
			);
			path = Shader;
			sourceTree = "<group>";
		};
		C22DFCD2241001D500FB2234 /* ShaderFile */ = {
			isa = PBXGroup;
			children = (
				C22DFCD3241001D500FB2234 /* AAPLShaders.metal */,
			);
			path = ShaderFile;
			sourceTree = "<group>";
		};
		C22DFCD4241001D500FB2234 /* GraphicsAPI */ = {
			isa = PBXGroup;
			children = (
				C22DFCD5241001D500FB2234 /* EiRasMetalBridge.hpp */,
				C22DFCD6241001D500FB2234 /* EiRasMetalAdapter.hpp */,
				C22DFCD7241001D500FB2234 /* EiRasMetal.h */,
				C22DFCD8241001D500FB2234 /* EiRasMetalAdapter.mm */,
				C22DFCD9241001D500FB2234 /* EiRasMetalBridge.cpp */,
				C22DFCDA241001D500FB2234 /* EiRasMetal.mm */,
			);
			path = GraphicsAPI;
			sourceTree = "<group>";
		};
		C22DFCDC241001D500FB2234 /* Material */ = {
			isa = PBXGroup;
			children = (
				C22DFCDD241001D500FB2234 /* GraphicsResourceMetalAdapter.mm */,
				C22DFCDE241001D500FB2234 /* ConstantBufferMetal.mm */,
				C22DFCDF241001D500FB2234 /* GraphicsResourceHeapMetal.h */,
				C22DFCE0241001D500FB2234 /* GraphicsResourceHeapMetalBridge.cpp */,
				C22DFCE1241001D500FB2234 /* MaterialMetalAdapter.hpp */,
				C22DFCE2241001D500FB2234 /* MaterialMetalBridge.cpp */,
				C22DFCE3241001D500FB2234 /* GraphicsResourceMetal.mm */,
				C22DFCE4241001D500FB2234 /* GraphicsResourceMetalAdapter.hpp */,
				C22DFCE5241001D500FB2234 /* MaterialMetalAdapter.mm */,
				C22DFCE6241001D500FB2234 /* MaterialMetal.h */,
				C22DFCE7241001D500FB2234 /* GraphicsResourceHeapMetalAdapter.mm */,
				C22DFCE8241001D500FB2234 /* ConstantBufferMetal.h */,
				C22DFCE9241001D500FB2234 /* GraphicsResourceMetalBridge.cpp */,
				C22DFCEA241001D500FB2234 /* GraphicsResourceHeapMetal.mm */,
				C22DFCEB241001D500FB2234 /* MaterialMetal.mm */,
				C22DFCEC241001D500FB2234 /* GraphicsResourceMetal.h */,
				C22DFCED241001D500FB2234 /* GraphicsResourceHeapMetalAdapter.hpp */,
				C22DFCEE241001D500FB2234 /* GraphicsResourceMetalBridge.hpp */,
				C22DFCEF241001D500FB2234 /* GraphicsResourceHeapMetalBridge.hpp */,
				C22DFCF0241001D500FB2234 /* MaterialMetalBridge.hpp */,
				C20EE8962414CDC700E545E5 /* ShaderResourceMetal.h */,
				C20EE8972414CDC700E545E5 /* ShaderResourceMetal.mm */,
			);
			path = Material;
			sourceTree = "<group>";
		};
		C22DFCF1241001D500FB2234 /* CommandBuffer */ = {
			isa = PBXGroup;
			children = (
				C22DFCF2241001D500FB2234 /* CommandBufferMetal.h */,
				C22DFCF3241001D500FB2234 /* CommandBufferMetalAdapter.hpp */,
				C22DFCF4241001D500FB2234 /* CommandBufferMetalAdapter.mm */,
				C22DFCF5241001D500FB2234 /* CommandBufferMetal.mm */,
				C22DFCF6241001D500FB2234 /* CommandBufferMetalBridge.cpp */,
				C22DFCF7241001D500FB2234 /* CommandBufferMetalBridge.hpp */,
			);
			path = CommandBuffer;
			sourceTree = "<group>";
		};
		C22DFD112412B06900FB2234 /* x86_64 */ = {
			isa = PBXGroup;
			children = (
				C22DFD122412B06900FB2234 /* libassimp.a */,
				C22DFD132412B06900FB2234 /* libIrrXML.a */,
				C22DFD142412B06900FB2234 /* libzlibstatic.a */,
			);
			path = x86_64;
			sourceTree = SOURCE_ROOT;
		};
		C22DFD1B2412B0B400FB2234 /* ImageSys */ = {
			isa = PBXGroup;
			children = (
				C22DFD1C2412B0B400FB2234 /* ImageSys.cpp */,
				C22DFD1D2412B0B400FB2234 /* ImageSys.hpp */,
			);
			path = ImageSys;
			sourceTree = "<group>";
		};
		C23CAC942379A37F00AA5737 = {
			isa = PBXGroup;
			children = (
				C23CAC9F2379A37F00AA5737 /* EiRasMetalBuild */,
				C23CACB62379A38200AA5737 /* EiRasMetalBuildTests */,
				C23CACC12379A38200AA5737 /* EiRasMetalBuildUITests */,
				C23CAC9E2379A37F00AA5737 /* Products */,
				C23CAD2F237AF2E600AA5737 /* Frameworks */,
			);
			sourceTree = "<group>";
		};
		C23CAC9E2379A37F00AA5737 /* Products */ = {
			isa = PBXGroup;
			children = (
				C23CAC9D2379A37F00AA5737 /* EiRasMetalBuild.app */,
				C23CACB32379A38200AA5737 /* EiRasMetalBuildTests.xctest */,
				C23CACBE2379A38200AA5737 /* EiRasMetalBuildUITests.xctest */,
			);
			name = Products;
			sourceTree = "<group>";
		};
		C23CAC9F2379A37F00AA5737 /* EiRasMetalBuild */ = {
			isa = PBXGroup;
			children = (
				C22DFD112412B06900FB2234 /* x86_64 */,
				C206144D23A93D07003ED81D /* Common */,
				C211D8D623A1481700CFE6E6 /* Framework */,
				C23CACA02379A37F00AA5737 /* AppDelegate.h */,
				C23CACA12379A37F00AA5737 /* AppDelegate.m */,
				C23CACA32379A37F00AA5737 /* ViewController.h */,
				C23CACA42379A37F00AA5737 /* ViewController.mm */,
				C23CACA62379A38200AA5737 /* Assets.xcassets */,
				C23CACA82379A38200AA5737 /* Main.storyboard */,
				C23CACAB2379A38200AA5737 /* Info.plist */,
				C23CACAC2379A38200AA5737 /* main.m */,
				C23CACAE2379A38200AA5737 /* EiRasMetalBuild.entitlements */,
			);
			path = EiRasMetalBuild;
			sourceTree = "<group>";
		};
		C23CACB62379A38200AA5737 /* EiRasMetalBuildTests */ = {
			isa = PBXGroup;
			children = (
				C23CACB72379A38200AA5737 /* EiRasMetalBuildTests.m */,
				C23CACB92379A38200AA5737 /* Info.plist */,
			);
			path = EiRasMetalBuildTests;
			sourceTree = "<group>";
		};
		C23CACC12379A38200AA5737 /* EiRasMetalBuildUITests */ = {
			isa = PBXGroup;
			children = (
				C23CACC22379A38200AA5737 /* EiRasMetalBuildUITests.m */,
				C23CACC42379A38200AA5737 /* Info.plist */,
			);
			path = EiRasMetalBuildUITests;
			sourceTree = "<group>";
		};
		C23CAD2F237AF2E600AA5737 /* Frameworks */ = {
			isa = PBXGroup;
			children = (
				C23CAD30237AF2E600AA5737 /* MetalKit.framework */,
			);
			name = Frameworks;
			sourceTree = "<group>";
		};
		C28BA17E23E487CE00EDAE43 /* Basic */ = {
			isa = PBXGroup;
			children = (
				C22DFD192412B0A400FB2234 /* Image.cpp */,
				C22DFD182412B0A400FB2234 /* Image.hpp */,
				C28BA17F23E487E900EDAE43 /* Camera.cpp */,
				C28BA18023E487E900EDAE43 /* Camera.hpp */,
				C28BA18623E494C100EDAE43 /* TransformSys.cpp */,
				C28BA18523E494C100EDAE43 /* TransformSys.hpp */,
			);
			path = Basic;
			sourceTree = "<group>";
		};
		C2F34C7923AF940900995E92 /* Math */ = {
			isa = PBXGroup;
			children = (
				C2F34C7A23AF942900995E92 /* Math.cpp */,
				C2F34C7B23AF942900995E92 /* Math.hpp */,
			);
			path = Math;
			sourceTree = "<group>";
		};
		C2F6BB0623C0F6370031E0C7 /* Component */ = {
			isa = PBXGroup;
			children = (
				C20EE8B024227A6600E545E5 /* FontSys */,
				C22DFD1B2412B0B400FB2234 /* ImageSys */,
				C2F6BB1623C399C40031E0C7 /* LogSys */,
				C2F6BB0C23C0FB800031E0C7 /* FileSys */,
				C2F6BB0A23C0FB290031E0C7 /* PlatformDependency */,
			);
			path = Component;
			sourceTree = "<group>";
		};
		C2F6BB0A23C0FB290031E0C7 /* PlatformDependency */ = {
			isa = PBXGroup;
			children = (
				C2F6BB0B23C0FB440031E0C7 /* macOS */,
			);
			path = PlatformDependency;
			sourceTree = "<group>";
		};
		C2F6BB0B23C0FB440031E0C7 /* macOS */ = {
			isa = PBXGroup;
			children = (
				C2F6BB1A23C39A6B0031E0C7 /* LogSys */,
				C2F6BB0D23C0FB910031E0C7 /* FileSys */,
			);
			path = macOS;
			sourceTree = "<group>";
		};
		C2F6BB0C23C0FB800031E0C7 /* FileSys */ = {
			isa = PBXGroup;
			children = (
				C2F6BB0723C0F65B0031E0C7 /* FileManager.cpp */,
				C2F6BB0823C0F65B0031E0C7 /* FileManager.hpp */,
			);
			path = FileSys;
			sourceTree = "<group>";
		};
		C2F6BB0D23C0FB910031E0C7 /* FileSys */ = {
			isa = PBXGroup;
			children = (
				C2F6BB0E23C0FBCA0031E0C7 /* FileManagerMacOSAdapter.mm */,
				C2F6BB0F23C0FBCA0031E0C7 /* FileManagerMacOSAdapter.h */,
				C2F6BB1123C0FC680031E0C7 /* FileManagerMacOS.h */,
				C2F6BB1223C0FC680031E0C7 /* FileManagerMacOS.mm */,
			);
			path = FileSys;
			sourceTree = "<group>";
		};
		C2F6BB1623C399C40031E0C7 /* LogSys */ = {
			isa = PBXGroup;
			children = (
				C2F6BB1723C399E00031E0C7 /* LogManager.cpp */,
				C2F6BB1823C399E00031E0C7 /* LogManager.hpp */,
			);
			path = LogSys;
			sourceTree = "<group>";
		};
		C2F6BB1A23C39A6B0031E0C7 /* LogSys */ = {
			isa = PBXGroup;
			children = (
				C2F6BB1B23C39A860031E0C7 /* LogManagerMacOSAdapter.mm */,
				C2F6BB1C23C39A860031E0C7 /* LogManagerMacOSAdapter.hpp */,
				C2F6BB1E23C39AE20031E0C7 /* LogManagerMacOS.h */,
				C2F6BB1F23C39AE20031E0C7 /* LogManagerMacOS.mm */,
			);
			path = LogSys;
			sourceTree = "<group>";
		};
/* End PBXGroup section */

/* Begin PBXNativeTarget section */
		C23CAC9C2379A37F00AA5737 /* EiRasMetalBuild */ = {
			isa = PBXNativeTarget;
			buildConfigurationList = C23CACC72379A38200AA5737 /* Build configuration list for PBXNativeTarget "EiRasMetalBuild" */;
			buildPhases = (
				C23CAC992379A37F00AA5737 /* Sources */,
				C23CAC9A2379A37F00AA5737 /* Frameworks */,
				C23CAC9B2379A37F00AA5737 /* Resources */,
			);
			buildRules = (
			);
			dependencies = (
			);
			name = EiRasMetalBuild;
			productName = EiRasMetalBuild;
			productReference = C23CAC9D2379A37F00AA5737 /* EiRasMetalBuild.app */;
			productType = "com.apple.product-type.application";
		};
		C23CACB22379A38200AA5737 /* EiRasMetalBuildTests */ = {
			isa = PBXNativeTarget;
			buildConfigurationList = C23CACCA2379A38200AA5737 /* Build configuration list for PBXNativeTarget "EiRasMetalBuildTests" */;
			buildPhases = (
				C23CACAF2379A38200AA5737 /* Sources */,
				C23CACB02379A38200AA5737 /* Frameworks */,
				C23CACB12379A38200AA5737 /* Resources */,
			);
			buildRules = (
			);
			dependencies = (
				C23CACB52379A38200AA5737 /* PBXTargetDependency */,
			);
			name = EiRasMetalBuildTests;
			productName = EiRasMetalBuildTests;
			productReference = C23CACB32379A38200AA5737 /* EiRasMetalBuildTests.xctest */;
			productType = "com.apple.product-type.bundle.unit-test";
		};
		C23CACBD2379A38200AA5737 /* EiRasMetalBuildUITests */ = {
			isa = PBXNativeTarget;
			buildConfigurationList = C23CACCD2379A38200AA5737 /* Build configuration list for PBXNativeTarget "EiRasMetalBuildUITests" */;
			buildPhases = (
				C23CACBA2379A38200AA5737 /* Sources */,
				C23CACBB2379A38200AA5737 /* Frameworks */,
				C23CACBC2379A38200AA5737 /* Resources */,
			);
			buildRules = (
			);
			dependencies = (
				C23CACC02379A38200AA5737 /* PBXTargetDependency */,
			);
			name = EiRasMetalBuildUITests;
			productName = EiRasMetalBuildUITests;
			productReference = C23CACBE2379A38200AA5737 /* EiRasMetalBuildUITests.xctest */;
			productType = "com.apple.product-type.bundle.ui-testing";
		};
/* End PBXNativeTarget section */

/* Begin PBXProject section */
		C23CAC952379A37F00AA5737 /* Project object */ = {
			isa = PBXProject;
			attributes = {
				LastUpgradeCheck = 1120;
				ORGANIZATIONNAME = MonsterENT;
				TargetAttributes = {
					C23CAC9C2379A37F00AA5737 = {
						CreatedOnToolsVersion = 11.2;
					};
					C23CACB22379A38200AA5737 = {
						CreatedOnToolsVersion = 11.2;
						TestTargetID = C23CAC9C2379A37F00AA5737;
					};
					C23CACBD2379A38200AA5737 = {
						CreatedOnToolsVersion = 11.2;
						TestTargetID = C23CAC9C2379A37F00AA5737;
					};
				};
			};
			buildConfigurationList = C23CAC982379A37F00AA5737 /* Build configuration list for PBXProject "EiRasMetalBuild" */;
			compatibilityVersion = "Xcode 9.3";
			developmentRegion = en;
			hasScannedForEncodings = 0;
			knownRegions = (
				en,
				Base,
			);
			mainGroup = C23CAC942379A37F00AA5737;
			productRefGroup = C23CAC9E2379A37F00AA5737 /* Products */;
			projectDirPath = "";
			projectRoot = "";
			targets = (
				C23CAC9C2379A37F00AA5737 /* EiRasMetalBuild */,
				C23CACB22379A38200AA5737 /* EiRasMetalBuildTests */,
				C23CACBD2379A38200AA5737 /* EiRasMetalBuildUITests */,
			);
		};
/* End PBXProject section */

/* Begin PBXResourcesBuildPhase section */
		C23CAC9B2379A37F00AA5737 /* Resources */ = {
			isa = PBXResourcesBuildPhase;
			buildActionMask = 2147483647;
			files = (
				C20EE8A82414F0CA00E545E5 /* qumian.obj in Resources */,
				C20EE8AF2414F0D500E545E5 /* ground512.png in Resources */,
				C23CACA72379A38200AA5737 /* Assets.xcassets in Resources */,
				C23CACAA2379A38200AA5737 /* Main.storyboard in Resources */,
				C20EE8AD2414F0D500E545E5 /* ef_glow_94.tga in Resources */,
				C20EE8AE2414F0D500E545E5 /* ground.png in Resources */,
			);
			runOnlyForDeploymentPostprocessing = 0;
		};
		C23CACB12379A38200AA5737 /* Resources */ = {
			isa = PBXResourcesBuildPhase;
			buildActionMask = 2147483647;
			files = (
			);
			runOnlyForDeploymentPostprocessing = 0;
		};
		C23CACBC2379A38200AA5737 /* Resources */ = {
			isa = PBXResourcesBuildPhase;
			buildActionMask = 2147483647;
			files = (
			);
			runOnlyForDeploymentPostprocessing = 0;
		};
/* End PBXResourcesBuildPhase section */

/* Begin PBXSourcesBuildPhase section */
		C23CAC992379A37F00AA5737 /* Sources */ = {
			isa = PBXSourcesBuildPhase;
			buildActionMask = 2147483647;
			files = (
				C22DFCFE241001D500FB2234 /* ShaderMetal.mm in Sources */,
				C22DFD0E241001D500FB2234 /* CommandBufferMetalAdapter.mm in Sources */,
				C23CACA52379A37F00AA5737 /* ViewController.mm in Sources */,
				C22DFD04241001D500FB2234 /* GraphicsResourceMetalAdapter.mm in Sources */,
				C22DFCFD241001D500FB2234 /* ShaderMetalAdapter.mm in Sources */,
				C23CACAD2379A38200AA5737 /* main.m in Sources */,
				C22DFD00241001D500FB2234 /* AAPLShaders.metal in Sources */,
				C22DFD1E2412B0B400FB2234 /* ImageSys.cpp in Sources */,
				C22DFD09241001D500FB2234 /* MaterialMetalAdapter.mm in Sources */,
				C2D7AFFF23D09F6B005A2B2B /* GraphicsVertexDescriptor.cpp in Sources */,
				C2F6BB2023C39AE20031E0C7 /* LogManagerMacOS.mm in Sources */,
				C22DFCF9241001D500FB2234 /* MeshMetalBridge.cpp in Sources */,
				C2F6BB1023C0FBCA0031E0C7 /* FileManagerMacOSAdapter.mm in Sources */,
				C211D95F23A1481700CFE6E6 /* EiRasGlobalManager.cpp in Sources */,
				C206145323A93D07003ED81D /* Engine.cpp in Sources */,
				C22DFD05241001D500FB2234 /* ConstantBufferMetal.mm in Sources */,
				C22DFD0B241001D500FB2234 /* GraphicsResourceMetalBridge.cpp in Sources */,
				C211D95C23A1481700CFE6E6 /* GraphicsRenderState.cpp in Sources */,
				C22DFD01241001D500FB2234 /* EiRasMetalAdapter.mm in Sources */,
				C22DFD02241001D500FB2234 /* EiRasMetalBridge.cpp in Sources */,
				C22DFD07241001D500FB2234 /* MaterialMetalBridge.cpp in Sources */,
				C211D96423A1481700CFE6E6 /* Shader.cpp in Sources */,
				C22DFCFF241001D500FB2234 /* ShaderMetalBridge.cpp in Sources */,
				C28BA18723E494C100EDAE43 /* TransformSys.cpp in Sources */,
				C22DFD06241001D500FB2234 /* GraphicsResourceHeapMetalBridge.cpp in Sources */,
				C22DFD03241001D500FB2234 /* EiRasMetal.mm in Sources */,
				C28BA18123E487E900EDAE43 /* Camera.cpp in Sources */,
				C2F6BB1923C399E00031E0C7 /* LogManager.cpp in Sources */,
				C211D96023A1481700CFE6E6 /* MaterialLayout.cpp in Sources */,
				C22DFCFB241001D500FB2234 /* MeshMetal.mm in Sources */,
				C211D96123A1481700CFE6E6 /* GraphicsResourceHeap.cpp in Sources */,
				C22DFD1A2412B0A400FB2234 /* Image.cpp in Sources */,
				C20EE8B524227A6600E545E5 /* FontSys.cpp in Sources */,
				C211D96223A1481700CFE6E6 /* ShaderLayout.cpp in Sources */,
				C22DFCFC241001D500FB2234 /* BaseMetalObject.m in Sources */,
				C2F34CCC23B24EF700995E92 /* MeshLoader.cpp in Sources */,
				C2F34C7C23AF942900995E92 /* Math.cpp in Sources */,
				C20EE8B624227A6600E545E5 /* FontManager.cpp in Sources */,
				C22DFD10241001D500FB2234 /* CommandBufferMetalBridge.cpp in Sources */,
				C22DFD0F241001D500FB2234 /* CommandBufferMetal.mm in Sources */,
				C211D96523A1481700CFE6E6 /* Material.cpp in Sources */,
				C22DFD08241001D500FB2234 /* GraphicsResourceMetal.mm in Sources */,
				C211D95A23A1481700CFE6E6 /* Mesh.cpp in Sources */,
				C23CACA22379A37F00AA5737 /* AppDelegate.m in Sources */,
				C2F6BB1323C0FC680031E0C7 /* FileManagerMacOS.mm in Sources */,
				C211D96323A1481700CFE6E6 /* GraphicsResource.cpp in Sources */,
				C2F6BB1D23C39A860031E0C7 /* LogManagerMacOSAdapter.mm in Sources */,
				C22DFCFA241001D500FB2234 /* MeshMetalAdapter.mm in Sources */,
				C2F6BB0923C0F65B0031E0C7 /* FileManager.cpp in Sources */,
				C22DFD0C241001D500FB2234 /* GraphicsResourceHeapMetal.mm in Sources */,
				C211D95E23A1481700CFE6E6 /* EiRas.cpp in Sources */,
				C22DFD0A241001D500FB2234 /* GraphicsResourceHeapMetalAdapter.mm in Sources */,
				C211D95D23A1481700CFE6E6 /* CommandBuffer.cpp in Sources */,
				C20EE8982414CDC700E545E5 /* ShaderResourceMetal.mm in Sources */,
				C22DFD0D241001D500FB2234 /* MaterialMetal.mm in Sources */,
			);
			runOnlyForDeploymentPostprocessing = 0;
		};
		C23CACAF2379A38200AA5737 /* Sources */ = {
			isa = PBXSourcesBuildPhase;
			buildActionMask = 2147483647;
			files = (
				C23CACB82379A38200AA5737 /* EiRasMetalBuildTests.m in Sources */,
			);
			runOnlyForDeploymentPostprocessing = 0;
		};
		C23CACBA2379A38200AA5737 /* Sources */ = {
			isa = PBXSourcesBuildPhase;
			buildActionMask = 2147483647;
			files = (
				C23CACC32379A38200AA5737 /* EiRasMetalBuildUITests.m in Sources */,
			);
			runOnlyForDeploymentPostprocessing = 0;
		};
/* End PBXSourcesBuildPhase section */

/* Begin PBXTargetDependency section */
		C23CACB52379A38200AA5737 /* PBXTargetDependency */ = {
			isa = PBXTargetDependency;
			target = C23CAC9C2379A37F00AA5737 /* EiRasMetalBuild */;
			targetProxy = C23CACB42379A38200AA5737 /* PBXContainerItemProxy */;
		};
		C23CACC02379A38200AA5737 /* PBXTargetDependency */ = {
			isa = PBXTargetDependency;
			target = C23CAC9C2379A37F00AA5737 /* EiRasMetalBuild */;
			targetProxy = C23CACBF2379A38200AA5737 /* PBXContainerItemProxy */;
		};
/* End PBXTargetDependency section */

/* Begin PBXVariantGroup section */
		C23CACA82379A38200AA5737 /* Main.storyboard */ = {
			isa = PBXVariantGroup;
			children = (
				C23CACA92379A38200AA5737 /* Base */,
			);
			name = Main.storyboard;
			sourceTree = "<group>";
		};
/* End PBXVariantGroup section */

/* Begin XCBuildConfiguration section */
		C23CACC52379A38200AA5737 /* Debug */ = {
			isa = XCBuildConfiguration;
			buildSettings = {
				ALWAYS_SEARCH_USER_PATHS = NO;
				CLANG_ANALYZER_NONNULL = YES;
				CLANG_ANALYZER_NUMBER_OBJECT_CONVERSION = YES_AGGRESSIVE;
				CLANG_CXX_LANGUAGE_STANDARD = "gnu++14";
				CLANG_CXX_LIBRARY = "libc++";
				CLANG_ENABLE_MODULES = YES;
				CLANG_ENABLE_OBJC_ARC = YES;
				CLANG_ENABLE_OBJC_WEAK = YES;
				CLANG_WARN_BLOCK_CAPTURE_AUTORELEASING = YES;
				CLANG_WARN_BOOL_CONVERSION = YES;
				CLANG_WARN_COMMA = YES;
				CLANG_WARN_CONSTANT_CONVERSION = YES;
				CLANG_WARN_DEPRECATED_OBJC_IMPLEMENTATIONS = YES;
				CLANG_WARN_DIRECT_OBJC_ISA_USAGE = YES_ERROR;
				CLANG_WARN_DOCUMENTATION_COMMENTS = YES;
				CLANG_WARN_EMPTY_BODY = YES;
				CLANG_WARN_ENUM_CONVERSION = YES;
				CLANG_WARN_INFINITE_RECURSION = YES;
				CLANG_WARN_INT_CONVERSION = YES;
				CLANG_WARN_NON_LITERAL_NULL_CONVERSION = YES;
				CLANG_WARN_OBJC_IMPLICIT_RETAIN_SELF = YES;
				CLANG_WARN_OBJC_LITERAL_CONVERSION = YES;
				CLANG_WARN_OBJC_ROOT_CLASS = YES_ERROR;
				CLANG_WARN_RANGE_LOOP_ANALYSIS = YES;
				CLANG_WARN_STRICT_PROTOTYPES = YES;
				CLANG_WARN_SUSPICIOUS_MOVE = YES;
				CLANG_WARN_UNGUARDED_AVAILABILITY = YES_AGGRESSIVE;
				CLANG_WARN_UNREACHABLE_CODE = YES;
				CLANG_WARN__DUPLICATE_METHOD_MATCH = YES;
				COPY_PHASE_STRIP = NO;
				DEBUG_INFORMATION_FORMAT = dwarf;
				ENABLE_STRICT_OBJC_MSGSEND = YES;
				ENABLE_TESTABILITY = YES;
				FRAMEWORK_SEARCH_PATHS = "";
				GCC_C_LANGUAGE_STANDARD = gnu11;
				GCC_DYNAMIC_NO_PIC = NO;
				GCC_NO_COMMON_BLOCKS = YES;
				GCC_OPTIMIZATION_LEVEL = 0;
				GCC_PREPROCESSOR_DEFINITIONS = (
					"DEBUG=1",
					"$(inherited)",
				);
				GCC_WARN_64_TO_32_BIT_CONVERSION = YES;
				GCC_WARN_ABOUT_RETURN_TYPE = YES_ERROR;
				GCC_WARN_UNDECLARED_SELECTOR = YES;
				GCC_WARN_UNINITIALIZED_AUTOS = YES_AGGRESSIVE;
				GCC_WARN_UNUSED_FUNCTION = YES;
				GCC_WARN_UNUSED_VARIABLE = YES;
				HEADER_SEARCH_PATHS = (
					"/Users/user/Desktop/EiRasWorkspace/EiRas/EiRas/Framework/**",
					"/Users/user/Desktop/EiRasWorkspace/EiRas/EiRas/SampleBuild/Library/assimp/include/**",
					"/Users/user/Desktop/EiRasWorkspace/EiRas/EiRas/SampleBuild/Library/**",
					"/Users/user/Desktop/EiRasWorkspace/EiRas/EiRas/SampleBuild/Library/freetype/include/**",
				);
				LIBRARY_SEARCH_PATHS = "/Users/user/Desktop/EiRasWorkspace/EiRas/EiRas/SampleBuild/MetalBuild/EiRasMetalBuild/osx_lib/**";
				MACOSX_DEPLOYMENT_TARGET = 10.15;
				MTL_ENABLE_DEBUG_INFO = INCLUDE_SOURCE;
				MTL_FAST_MATH = YES;
				ONLY_ACTIVE_ARCH = YES;
				REZ_SEARCH_PATHS = "";
				SDKROOT = macosx;
			};
			name = Debug;
		};
		C23CACC62379A38200AA5737 /* Release */ = {
			isa = XCBuildConfiguration;
			buildSettings = {
				ALWAYS_SEARCH_USER_PATHS = NO;
				CLANG_ANALYZER_NONNULL = YES;
				CLANG_ANALYZER_NUMBER_OBJECT_CONVERSION = YES_AGGRESSIVE;
				CLANG_CXX_LANGUAGE_STANDARD = "gnu++14";
				CLANG_CXX_LIBRARY = "libc++";
				CLANG_ENABLE_MODULES = YES;
				CLANG_ENABLE_OBJC_ARC = YES;
				CLANG_ENABLE_OBJC_WEAK = YES;
				CLANG_WARN_BLOCK_CAPTURE_AUTORELEASING = YES;
				CLANG_WARN_BOOL_CONVERSION = YES;
				CLANG_WARN_COMMA = YES;
				CLANG_WARN_CONSTANT_CONVERSION = YES;
				CLANG_WARN_DEPRECATED_OBJC_IMPLEMENTATIONS = YES;
				CLANG_WARN_DIRECT_OBJC_ISA_USAGE = YES_ERROR;
				CLANG_WARN_DOCUMENTATION_COMMENTS = YES;
				CLANG_WARN_EMPTY_BODY = YES;
				CLANG_WARN_ENUM_CONVERSION = YES;
				CLANG_WARN_INFINITE_RECURSION = YES;
				CLANG_WARN_INT_CONVERSION = YES;
				CLANG_WARN_NON_LITERAL_NULL_CONVERSION = YES;
				CLANG_WARN_OBJC_IMPLICIT_RETAIN_SELF = YES;
				CLANG_WARN_OBJC_LITERAL_CONVERSION = YES;
				CLANG_WARN_OBJC_ROOT_CLASS = YES_ERROR;
				CLANG_WARN_RANGE_LOOP_ANALYSIS = YES;
				CLANG_WARN_STRICT_PROTOTYPES = YES;
				CLANG_WARN_SUSPICIOUS_MOVE = YES;
				CLANG_WARN_UNGUARDED_AVAILABILITY = YES_AGGRESSIVE;
				CLANG_WARN_UNREACHABLE_CODE = YES;
				CLANG_WARN__DUPLICATE_METHOD_MATCH = YES;
				COPY_PHASE_STRIP = NO;
				DEBUG_INFORMATION_FORMAT = "dwarf-with-dsym";
				ENABLE_NS_ASSERTIONS = NO;
				ENABLE_STRICT_OBJC_MSGSEND = YES;
				FRAMEWORK_SEARCH_PATHS = "";
				GCC_C_LANGUAGE_STANDARD = gnu11;
				GCC_NO_COMMON_BLOCKS = YES;
				GCC_WARN_64_TO_32_BIT_CONVERSION = YES;
				GCC_WARN_ABOUT_RETURN_TYPE = YES_ERROR;
				GCC_WARN_UNDECLARED_SELECTOR = YES;
				GCC_WARN_UNINITIALIZED_AUTOS = YES_AGGRESSIVE;
				GCC_WARN_UNUSED_FUNCTION = YES;
				GCC_WARN_UNUSED_VARIABLE = YES;
				HEADER_SEARCH_PATHS = (
					"/Users/user/Desktop/EiRasWorkspace/EiRas/EiRas/Framework/**",
					"/Users/user/Desktop/EiRasWorkspace/EiRas/EiRas/SampleBuild/Library/assimp/include/**",
					"/Users/user/Desktop/EiRasWorkspace/EiRas/EiRas/SampleBuild/Library/**",
					"/Users/user/Desktop/EiRasWorkspace/EiRas/EiRas/SampleBuild/Library/freetype/include/**",
				);
				LIBRARY_SEARCH_PATHS = "/Users/user/Desktop/EiRasWorkspace/EiRas/EiRas/SampleBuild/MetalBuild/EiRasMetalBuild/osx_lib/**";
				MACOSX_DEPLOYMENT_TARGET = 10.15;
				MTL_ENABLE_DEBUG_INFO = NO;
				MTL_FAST_MATH = YES;
				REZ_SEARCH_PATHS = "";
				SDKROOT = macosx;
			};
			name = Release;
		};
		C23CACC82379A38200AA5737 /* Debug */ = {
			isa = XCBuildConfiguration;
			buildSettings = {
				ASSETCATALOG_COMPILER_APPICON_NAME = AppIcon;
				CODE_SIGN_ENTITLEMENTS = EiRasMetalBuild/EiRasMetalBuild.entitlements;
				CODE_SIGN_STYLE = Automatic;
				COMBINE_HIDPI_IMAGES = YES;
				DEVELOPMENT_TEAM = MUMVBPQN64;
				ENABLE_HARDENED_RUNTIME = YES;
				INFOPLIST_FILE = EiRasMetalBuild/Info.plist;
				LD_RUNPATH_SEARCH_PATHS = (
					"$(inherited)",
					"@executable_path/../Frameworks",
				);
				LIBRARY_SEARCH_PATHS = (
					"$(inherited)",
					"$(PROJECT_DIR)/osx_lib/minizip_x64-osx/lib",
					"$(PROJECT_DIR)/osx_lib/minizip_x64-osx/debug/lib",
					"$(PROJECT_DIR)/osx_lib/zlib_x64-osx/lib",
					"$(PROJECT_DIR)/osx_lib/zlib_x64-osx/debug/lib",
					"$(PROJECT_DIR)/osx_lib/assimp_x64-osx/lib",
					"$(PROJECT_DIR)/osx_lib/assimp_x64-osx/debug/lib",
					"$(PROJECT_DIR)/x86_64",
				);
				PRODUCT_BUNDLE_IDENTIFIER = com.monsterent.EiRasMetalBuild;
				PRODUCT_NAME = "$(TARGET_NAME)";
			};
			name = Debug;
		};
		C23CACC92379A38200AA5737 /* Release */ = {
			isa = XCBuildConfiguration;
			buildSettings = {
				ASSETCATALOG_COMPILER_APPICON_NAME = AppIcon;
				CODE_SIGN_ENTITLEMENTS = EiRasMetalBuild/EiRasMetalBuild.entitlements;
				CODE_SIGN_STYLE = Automatic;
				COMBINE_HIDPI_IMAGES = YES;
				DEVELOPMENT_TEAM = MUMVBPQN64;
				ENABLE_HARDENED_RUNTIME = YES;
				INFOPLIST_FILE = EiRasMetalBuild/Info.plist;
				LD_RUNPATH_SEARCH_PATHS = (
					"$(inherited)",
					"@executable_path/../Frameworks",
				);
				LIBRARY_SEARCH_PATHS = (
					"$(inherited)",
					"$(PROJECT_DIR)/osx_lib/minizip_x64-osx/lib",
					"$(PROJECT_DIR)/osx_lib/minizip_x64-osx/debug/lib",
					"$(PROJECT_DIR)/osx_lib/zlib_x64-osx/lib",
					"$(PROJECT_DIR)/osx_lib/zlib_x64-osx/debug/lib",
					"$(PROJECT_DIR)/osx_lib/assimp_x64-osx/lib",
					"$(PROJECT_DIR)/osx_lib/assimp_x64-osx/debug/lib",
					"$(PROJECT_DIR)/x86_64",
				);
				PRODUCT_BUNDLE_IDENTIFIER = com.monsterent.EiRasMetalBuild;
				PRODUCT_NAME = "$(TARGET_NAME)";
			};
			name = Release;
		};
		C23CACCB2379A38200AA5737 /* Debug */ = {
			isa = XCBuildConfiguration;
			buildSettings = {
				BUNDLE_LOADER = "$(TEST_HOST)";
				CODE_SIGN_STYLE = Automatic;
				COMBINE_HIDPI_IMAGES = YES;
				DEVELOPMENT_TEAM = MUMVBPQN64;
				INFOPLIST_FILE = EiRasMetalBuildTests/Info.plist;
				LD_RUNPATH_SEARCH_PATHS = (
					"$(inherited)",
					"@executable_path/../Frameworks",
					"@loader_path/../Frameworks",
				);
				MACOSX_DEPLOYMENT_TARGET = 10.15;
				PRODUCT_BUNDLE_IDENTIFIER = com.monsterent.EiRasMetalBuildTests;
				PRODUCT_NAME = "$(TARGET_NAME)";
				TEST_HOST = "$(BUILT_PRODUCTS_DIR)/EiRasMetalBuild.app/Contents/MacOS/EiRasMetalBuild";
			};
			name = Debug;
		};
		C23CACCC2379A38200AA5737 /* Release */ = {
			isa = XCBuildConfiguration;
			buildSettings = {
				BUNDLE_LOADER = "$(TEST_HOST)";
				CODE_SIGN_STYLE = Automatic;
				COMBINE_HIDPI_IMAGES = YES;
				DEVELOPMENT_TEAM = MUMVBPQN64;
				INFOPLIST_FILE = EiRasMetalBuildTests/Info.plist;
				LD_RUNPATH_SEARCH_PATHS = (
					"$(inherited)",
					"@executable_path/../Frameworks",
					"@loader_path/../Frameworks",
				);
				MACOSX_DEPLOYMENT_TARGET = 10.15;
				PRODUCT_BUNDLE_IDENTIFIER = com.monsterent.EiRasMetalBuildTests;
				PRODUCT_NAME = "$(TARGET_NAME)";
				TEST_HOST = "$(BUILT_PRODUCTS_DIR)/EiRasMetalBuild.app/Contents/MacOS/EiRasMetalBuild";
			};
			name = Release;
		};
		C23CACCE2379A38200AA5737 /* Debug */ = {
			isa = XCBuildConfiguration;
			buildSettings = {
				CODE_SIGN_STYLE = Automatic;
				COMBINE_HIDPI_IMAGES = YES;
				DEVELOPMENT_TEAM = MUMVBPQN64;
				INFOPLIST_FILE = EiRasMetalBuildUITests/Info.plist;
				LD_RUNPATH_SEARCH_PATHS = (
					"$(inherited)",
					"@executable_path/../Frameworks",
					"@loader_path/../Frameworks",
				);
				PRODUCT_BUNDLE_IDENTIFIER = com.monsterent.EiRasMetalBuildUITests;
				PRODUCT_NAME = "$(TARGET_NAME)";
				TEST_TARGET_NAME = EiRasMetalBuild;
			};
			name = Debug;
		};
		C23CACCF2379A38200AA5737 /* Release */ = {
			isa = XCBuildConfiguration;
			buildSettings = {
				CODE_SIGN_STYLE = Automatic;
				COMBINE_HIDPI_IMAGES = YES;
				DEVELOPMENT_TEAM = MUMVBPQN64;
				INFOPLIST_FILE = EiRasMetalBuildUITests/Info.plist;
				LD_RUNPATH_SEARCH_PATHS = (
					"$(inherited)",
					"@executable_path/../Frameworks",
					"@loader_path/../Frameworks",
				);
				PRODUCT_BUNDLE_IDENTIFIER = com.monsterent.EiRasMetalBuildUITests;
				PRODUCT_NAME = "$(TARGET_NAME)";
				TEST_TARGET_NAME = EiRasMetalBuild;
			};
			name = Release;
		};
/* End XCBuildConfiguration section */

/* Begin XCConfigurationList section */
		C23CAC982379A37F00AA5737 /* Build configuration list for PBXProject "EiRasMetalBuild" */ = {
			isa = XCConfigurationList;
			buildConfigurations = (
				C23CACC52379A38200AA5737 /* Debug */,
				C23CACC62379A38200AA5737 /* Release */,
			);
			defaultConfigurationIsVisible = 0;
			defaultConfigurationName = Release;
		};
		C23CACC72379A38200AA5737 /* Build configuration list for PBXNativeTarget "EiRasMetalBuild" */ = {
			isa = XCConfigurationList;
			buildConfigurations = (
				C23CACC82379A38200AA5737 /* Debug */,
				C23CACC92379A38200AA5737 /* Release */,
			);
			defaultConfigurationIsVisible = 0;
			defaultConfigurationName = Release;
		};
		C23CACCA2379A38200AA5737 /* Build configuration list for PBXNativeTarget "EiRasMetalBuildTests" */ = {
			isa = XCConfigurationList;
			buildConfigurations = (
				C23CACCB2379A38200AA5737 /* Debug */,
				C23CACCC2379A38200AA5737 /* Release */,
			);
			defaultConfigurationIsVisible = 0;
			defaultConfigurationName = Release;
		};
		C23CACCD2379A38200AA5737 /* Build configuration list for PBXNativeTarget "EiRasMetalBuildUITests" */ = {
			isa = XCConfigurationList;
			buildConfigurations = (
				C23CACCE2379A38200AA5737 /* Debug */,
				C23CACCF2379A38200AA5737 /* Release */,
			);
			defaultConfigurationIsVisible = 0;
			defaultConfigurationName = Release;
		};
/* End XCConfigurationList section */
	};
	rootObject = C23CAC952379A37F00AA5737 /* Project object */;
}
