// !$*UTF8*$!
{
	archiveVersion = 1;
	classes = {
	};
	objectVersion = 50;
	objects = {

/* Begin PBXBuildFile section */
		C23CACA22379A37F00AA5737 /* AppDelegate.m in Sources */ = {isa = PBXBuildFile; fileRef = C23CACA12379A37F00AA5737 /* AppDelegate.m */; };
		C23CACA52379A37F00AA5737 /* ViewController.mm in Sources */ = {isa = PBXBuildFile; fileRef = C23CACA42379A37F00AA5737 /* ViewController.mm */; };
		C23CACA72379A38200AA5737 /* Assets.xcassets in Resources */ = {isa = PBXBuildFile; fileRef = C23CACA62379A38200AA5737 /* Assets.xcassets */; };
		C23CACAA2379A38200AA5737 /* Main.storyboard in Resources */ = {isa = PBXBuildFile; fileRef = C23CACA82379A38200AA5737 /* Main.storyboard */; };
		C23CACAD2379A38200AA5737 /* main.m in Sources */ = {isa = PBXBuildFile; fileRef = C23CACAC2379A38200AA5737 /* main.m */; };
		C23CACB82379A38200AA5737 /* EiRasMetalBuildTests.m in Sources */ = {isa = PBXBuildFile; fileRef = C23CACB72379A38200AA5737 /* EiRasMetalBuildTests.m */; };
		C23CACC32379A38200AA5737 /* EiRasMetalBuildUITests.m in Sources */ = {isa = PBXBuildFile; fileRef = C23CACC22379A38200AA5737 /* EiRasMetalBuildUITests.m */; };
		C23CAD31237AF2E600AA5737 /* MetalKit.framework in Frameworks */ = {isa = PBXBuildFile; fileRef = C23CAD30237AF2E600AA5737 /* MetalKit.framework */; };
		C2E54D22239D2E8700A84E8C /* Mesh.cpp in Sources */ = {isa = PBXBuildFile; fileRef = C2E54CB9239D2E8700A84E8C /* Mesh.cpp */; };
		C2E54D23239D2E8700A84E8C /* AAPLShaders.metal in Sources */ = {isa = PBXBuildFile; fileRef = C2E54CC3239D2E8700A84E8C /* AAPLShaders.metal */; };
		C2E54D24239D2E8700A84E8C /* GraphicsRenderState.cpp in Sources */ = {isa = PBXBuildFile; fileRef = C2E54CC7239D2E8700A84E8C /* GraphicsRenderState.cpp */; };
		C2E54D25239D2E8700A84E8C /* CommandBuffer.cpp in Sources */ = {isa = PBXBuildFile; fileRef = C2E54CC8239D2E8700A84E8C /* CommandBuffer.cpp */; };
		C2E54D26239D2E8700A84E8C /* EiRas.cpp in Sources */ = {isa = PBXBuildFile; fileRef = C2E54CCA239D2E8700A84E8C /* EiRas.cpp */; };
		C2E54D27239D2E8700A84E8C /* EiRasGlobalManager.cpp in Sources */ = {isa = PBXBuildFile; fileRef = C2E54CD1239D2E8700A84E8C /* EiRasGlobalManager.cpp */; };
		C2E54D28239D2E8700A84E8C /* MaterialLayout.cpp in Sources */ = {isa = PBXBuildFile; fileRef = C2E54CD5239D2E8700A84E8C /* MaterialLayout.cpp */; };
		C2E54D29239D2E8700A84E8C /* GraphicsResourceHeap.cpp in Sources */ = {isa = PBXBuildFile; fileRef = C2E54CD7239D2E8700A84E8C /* GraphicsResourceHeap.cpp */; };
		C2E54D2A239D2E8700A84E8C /* ShaderLayout.cpp in Sources */ = {isa = PBXBuildFile; fileRef = C2E54CD9239D2E8700A84E8C /* ShaderLayout.cpp */; };
		C2E54D2B239D2E8700A84E8C /* GraphicsResource.cpp in Sources */ = {isa = PBXBuildFile; fileRef = C2E54CDA239D2E8700A84E8C /* GraphicsResource.cpp */; };
		C2E54D2C239D2E8700A84E8C /* Shader.cpp in Sources */ = {isa = PBXBuildFile; fileRef = C2E54CDB239D2E8700A84E8C /* Shader.cpp */; };
		C2E54D2D239D2E8700A84E8C /* Material.cpp in Sources */ = {isa = PBXBuildFile; fileRef = C2E54CDF239D2E8700A84E8C /* Material.cpp */; };
		C2E54D3B239D2E8700A84E8C /* BaseMetalObject.m in Sources */ = {isa = PBXBuildFile; fileRef = C2E54D03239D2E8700A84E8C /* BaseMetalObject.m */; };
		C2E54D3C239D2E8700A84E8C /* ShaderMetalAdapter.mm in Sources */ = {isa = PBXBuildFile; fileRef = C2E54D08239D2E8700A84E8C /* ShaderMetalAdapter.mm */; };
		C2E54D3D239D2E8700A84E8C /* ShaderMetal.mm in Sources */ = {isa = PBXBuildFile; fileRef = C2E54D09239D2E8700A84E8C /* ShaderMetal.mm */; };
		C2E54D3E239D2E8700A84E8C /* ShaderMetalBridge.cpp in Sources */ = {isa = PBXBuildFile; fileRef = C2E54D0A239D2E8700A84E8C /* ShaderMetalBridge.cpp */; };
		C2E54D3F239D2E8700A84E8C /* EiRasMetalAdapter.mm in Sources */ = {isa = PBXBuildFile; fileRef = C2E54D0F239D2E8700A84E8C /* EiRasMetalAdapter.mm */; };
		C2E54D40239D2E8700A84E8C /* EiRasMetalBridge.cpp in Sources */ = {isa = PBXBuildFile; fileRef = C2E54D10239D2E8700A84E8C /* EiRasMetalBridge.cpp */; };
		C2E54D41239D2E8700A84E8C /* EiRasMetal.mm in Sources */ = {isa = PBXBuildFile; fileRef = C2E54D11239D2E8700A84E8C /* EiRasMetal.mm */; };
		C2E54D42239D2E8700A84E8C /* MaterialMetalBridge.cpp in Sources */ = {isa = PBXBuildFile; fileRef = C2E54D15239D2E8700A84E8C /* MaterialMetalBridge.cpp */; };
		C2E54D43239D2E8700A84E8C /* MaterialMetalAdapter.mm in Sources */ = {isa = PBXBuildFile; fileRef = C2E54D16239D2E8700A84E8C /* MaterialMetalAdapter.mm */; };
		C2E54D44239D2E8700A84E8C /* MaterialMetal.mm in Sources */ = {isa = PBXBuildFile; fileRef = C2E54D18239D2E8700A84E8C /* MaterialMetal.mm */; };
		C2E54D45239D2E8700A84E8C /* CommandBufferMetalAdapter.mm in Sources */ = {isa = PBXBuildFile; fileRef = C2E54D1D239D2E8700A84E8C /* CommandBufferMetalAdapter.mm */; };
		C2E54D46239D2E8700A84E8C /* CommandBufferMetal.mm in Sources */ = {isa = PBXBuildFile; fileRef = C2E54D1E239D2E8700A84E8C /* CommandBufferMetal.mm */; };
		C2E54D47239D2E8700A84E8C /* CommandBufferMetalBridge.cpp in Sources */ = {isa = PBXBuildFile; fileRef = C2E54D1F239D2E8700A84E8C /* CommandBufferMetalBridge.cpp */; };
		C2E54D4A239D380800A84E8C /* GraphicsResourceMetalBridge.cpp in Sources */ = {isa = PBXBuildFile; fileRef = C2E54D48239D380800A84E8C /* GraphicsResourceMetalBridge.cpp */; };
		C2E54D4D239D3A1B00A84E8C /* GraphicsResourceMetalAdapter.mm in Sources */ = {isa = PBXBuildFile; fileRef = C2E54D4B239D3A1B00A84E8C /* GraphicsResourceMetalAdapter.mm */; };
		C2E54D50239D3B1800A84E8C /* ConstantBufferMetal.mm in Sources */ = {isa = PBXBuildFile; fileRef = C2E54D4F239D3B1800A84E8C /* ConstantBufferMetal.mm */; };
		C2E54D53239D401200A84E8C /* GraphicsResourceHeapMetalBridge.cpp in Sources */ = {isa = PBXBuildFile; fileRef = C2E54D51239D401200A84E8C /* GraphicsResourceHeapMetalBridge.cpp */; };
		C2E54D56239D40DC00A84E8C /* GraphicsResourceHeapMetal.mm in Sources */ = {isa = PBXBuildFile; fileRef = C2E54D55239D40DB00A84E8C /* GraphicsResourceHeapMetal.mm */; };
		C2E54D59239D46EB00A84E8C /* GraphicsResourceHeapMetalAdapter.mm in Sources */ = {isa = PBXBuildFile; fileRef = C2E54D57239D46EB00A84E8C /* GraphicsResourceHeapMetalAdapter.mm */; };
/* End PBXBuildFile section */

/* Begin PBXContainerItemProxy section */
		C23CACB42379A38200AA5737 /* PBXContainerItemProxy */ = {
			isa = PBXContainerItemProxy;
			containerPortal = C23CAC952379A37F00AA5737 /* Project object */;
			proxyType = 1;
			remoteGlobalIDString = C23CAC9C2379A37F00AA5737;
			remoteInfo = EiRasMetalBuild;
		};
		C23CACBF2379A38200AA5737 /* PBXContainerItemProxy */ = {
			isa = PBXContainerItemProxy;
			containerPortal = C23CAC952379A37F00AA5737 /* Project object */;
			proxyType = 1;
			remoteGlobalIDString = C23CAC9C2379A37F00AA5737;
			remoteInfo = EiRasMetalBuild;
		};
/* End PBXContainerItemProxy section */

/* Begin PBXFileReference section */
		C23CAC9D2379A37F00AA5737 /* EiRasMetalBuild.app */ = {isa = PBXFileReference; explicitFileType = wrapper.application; includeInIndex = 0; path = EiRasMetalBuild.app; sourceTree = BUILT_PRODUCTS_DIR; };
		C23CACA02379A37F00AA5737 /* AppDelegate.h */ = {isa = PBXFileReference; lastKnownFileType = sourcecode.c.h; path = AppDelegate.h; sourceTree = "<group>"; };
		C23CACA12379A37F00AA5737 /* AppDelegate.m */ = {isa = PBXFileReference; lastKnownFileType = sourcecode.c.objc; path = AppDelegate.m; sourceTree = "<group>"; };
		C23CACA32379A37F00AA5737 /* ViewController.h */ = {isa = PBXFileReference; lastKnownFileType = sourcecode.c.h; path = ViewController.h; sourceTree = "<group>"; };
		C23CACA42379A37F00AA5737 /* ViewController.mm */ = {isa = PBXFileReference; lastKnownFileType = sourcecode.cpp.objcpp; path = ViewController.mm; sourceTree = "<group>"; };
		C23CACA62379A38200AA5737 /* Assets.xcassets */ = {isa = PBXFileReference; lastKnownFileType = folder.assetcatalog; path = Assets.xcassets; sourceTree = "<group>"; };
		C23CACA92379A38200AA5737 /* Base */ = {isa = PBXFileReference; lastKnownFileType = file.storyboard; name = Base; path = Base.lproj/Main.storyboard; sourceTree = "<group>"; };
		C23CACAB2379A38200AA5737 /* Info.plist */ = {isa = PBXFileReference; lastKnownFileType = text.plist.xml; path = Info.plist; sourceTree = "<group>"; };
		C23CACAC2379A38200AA5737 /* main.m */ = {isa = PBXFileReference; lastKnownFileType = sourcecode.c.objc; path = main.m; sourceTree = "<group>"; };
		C23CACAE2379A38200AA5737 /* EiRasMetalBuild.entitlements */ = {isa = PBXFileReference; lastKnownFileType = text.plist.entitlements; path = EiRasMetalBuild.entitlements; sourceTree = "<group>"; };
		C23CACB32379A38200AA5737 /* EiRasMetalBuildTests.xctest */ = {isa = PBXFileReference; explicitFileType = wrapper.cfbundle; includeInIndex = 0; path = EiRasMetalBuildTests.xctest; sourceTree = BUILT_PRODUCTS_DIR; };
		C23CACB72379A38200AA5737 /* EiRasMetalBuildTests.m */ = {isa = PBXFileReference; lastKnownFileType = sourcecode.c.objc; path = EiRasMetalBuildTests.m; sourceTree = "<group>"; };
		C23CACB92379A38200AA5737 /* Info.plist */ = {isa = PBXFileReference; lastKnownFileType = text.plist.xml; path = Info.plist; sourceTree = "<group>"; };
		C23CACBE2379A38200AA5737 /* EiRasMetalBuildUITests.xctest */ = {isa = PBXFileReference; explicitFileType = wrapper.cfbundle; includeInIndex = 0; path = EiRasMetalBuildUITests.xctest; sourceTree = BUILT_PRODUCTS_DIR; };
		C23CACC22379A38200AA5737 /* EiRasMetalBuildUITests.m */ = {isa = PBXFileReference; lastKnownFileType = sourcecode.c.objc; path = EiRasMetalBuildUITests.m; sourceTree = "<group>"; };
		C23CACC42379A38200AA5737 /* Info.plist */ = {isa = PBXFileReference; lastKnownFileType = text.plist.xml; path = Info.plist; sourceTree = "<group>"; };
		C23CAD30237AF2E600AA5737 /* MetalKit.framework */ = {isa = PBXFileReference; lastKnownFileType = wrapper.framework; name = MetalKit.framework; path = System/Library/Frameworks/MetalKit.framework; sourceTree = SDKROOT; };
		C2E54CB9239D2E8700A84E8C /* Mesh.cpp */ = {isa = PBXFileReference; fileEncoding = 4; lastKnownFileType = sourcecode.cpp.cpp; path = Mesh.cpp; sourceTree = "<group>"; };
		C2E54CBA239D2E8700A84E8C /* Mesh.hpp */ = {isa = PBXFileReference; fileEncoding = 4; lastKnownFileType = sourcecode.cpp.h; path = Mesh.hpp; sourceTree = "<group>"; };
		C2E54CC2239D2E8700A84E8C /* MetalGraphicsPipelineInput.h */ = {isa = PBXFileReference; fileEncoding = 4; lastKnownFileType = sourcecode.c.h; path = MetalGraphicsPipelineInput.h; sourceTree = "<group>"; };
		C2E54CC3239D2E8700A84E8C /* AAPLShaders.metal */ = {isa = PBXFileReference; fileEncoding = 4; lastKnownFileType = sourcecode.metal; path = AAPLShaders.metal; sourceTree = "<group>"; };
		C2E54CC5239D2E8700A84E8C /* GraphicsRenderState.hpp */ = {isa = PBXFileReference; fileEncoding = 4; lastKnownFileType = sourcecode.cpp.h; path = GraphicsRenderState.hpp; sourceTree = "<group>"; };
		C2E54CC6239D2E8700A84E8C /* CommandBuffer.hpp */ = {isa = PBXFileReference; fileEncoding = 4; lastKnownFileType = sourcecode.cpp.h; path = CommandBuffer.hpp; sourceTree = "<group>"; };
		C2E54CC7239D2E8700A84E8C /* GraphicsRenderState.cpp */ = {isa = PBXFileReference; fileEncoding = 4; lastKnownFileType = sourcecode.cpp.cpp; path = GraphicsRenderState.cpp; sourceTree = "<group>"; };
		C2E54CC8239D2E8700A84E8C /* CommandBuffer.cpp */ = {isa = PBXFileReference; fileEncoding = 4; lastKnownFileType = sourcecode.cpp.cpp; path = CommandBuffer.cpp; sourceTree = "<group>"; };
		C2E54CCA239D2E8700A84E8C /* EiRas.cpp */ = {isa = PBXFileReference; fileEncoding = 4; lastKnownFileType = sourcecode.cpp.cpp; path = EiRas.cpp; sourceTree = "<group>"; };
		C2E54CCB239D2E8700A84E8C /* EiRas.hpp */ = {isa = PBXFileReference; fileEncoding = 4; lastKnownFileType = sourcecode.cpp.h; path = EiRas.hpp; sourceTree = "<group>"; };
		C2E54CCD239D2E8700A84E8C /* EiRasProtocol.h */ = {isa = PBXFileReference; fileEncoding = 4; lastKnownFileType = sourcecode.c.h; path = EiRasProtocol.h; sourceTree = "<group>"; };
		C2E54CCF239D2E8700A84E8C /* EiRasGlobalManager.hpp */ = {isa = PBXFileReference; fileEncoding = 4; lastKnownFileType = sourcecode.cpp.h; path = EiRasGlobalManager.hpp; sourceTree = "<group>"; };
		C2E54CD0239D2E8700A84E8C /* PlatformDefine.h */ = {isa = PBXFileReference; fileEncoding = 4; lastKnownFileType = sourcecode.c.h; path = PlatformDefine.h; sourceTree = "<group>"; };
		C2E54CD1239D2E8700A84E8C /* EiRasGlobalManager.cpp */ = {isa = PBXFileReference; fileEncoding = 4; lastKnownFileType = sourcecode.cpp.cpp; path = EiRasGlobalManager.cpp; sourceTree = "<group>"; };
		C2E54CD3239D2E8700A84E8C /* EiRasPlatformBridgeProtocol.h */ = {isa = PBXFileReference; fileEncoding = 4; lastKnownFileType = sourcecode.c.h; path = EiRasPlatformBridgeProtocol.h; sourceTree = "<group>"; };
		C2E54CD5239D2E8700A84E8C /* MaterialLayout.cpp */ = {isa = PBXFileReference; fileEncoding = 4; lastKnownFileType = sourcecode.cpp.cpp; path = MaterialLayout.cpp; sourceTree = "<group>"; };
		C2E54CD6239D2E8700A84E8C /* Material.hpp */ = {isa = PBXFileReference; fileEncoding = 4; lastKnownFileType = sourcecode.cpp.h; path = Material.hpp; sourceTree = "<group>"; };
		C2E54CD7239D2E8700A84E8C /* GraphicsResourceHeap.cpp */ = {isa = PBXFileReference; fileEncoding = 4; lastKnownFileType = sourcecode.cpp.cpp; path = GraphicsResourceHeap.cpp; sourceTree = "<group>"; };
		C2E54CD8239D2E8700A84E8C /* ShaderLayout.h */ = {isa = PBXFileReference; fileEncoding = 4; lastKnownFileType = sourcecode.c.h; path = ShaderLayout.h; sourceTree = "<group>"; };
		C2E54CD9239D2E8700A84E8C /* ShaderLayout.cpp */ = {isa = PBXFileReference; fileEncoding = 4; lastKnownFileType = sourcecode.cpp.cpp; path = ShaderLayout.cpp; sourceTree = "<group>"; };
		C2E54CDA239D2E8700A84E8C /* GraphicsResource.cpp */ = {isa = PBXFileReference; fileEncoding = 4; lastKnownFileType = sourcecode.cpp.cpp; path = GraphicsResource.cpp; sourceTree = "<group>"; };
		C2E54CDB239D2E8700A84E8C /* Shader.cpp */ = {isa = PBXFileReference; fileEncoding = 4; lastKnownFileType = sourcecode.cpp.cpp; path = Shader.cpp; sourceTree = "<group>"; };
		C2E54CDC239D2E8700A84E8C /* GraphicsResource.hpp */ = {isa = PBXFileReference; fileEncoding = 4; lastKnownFileType = sourcecode.cpp.h; path = GraphicsResource.hpp; sourceTree = "<group>"; };
		C2E54CDD239D2E8700A84E8C /* Shader.hpp */ = {isa = PBXFileReference; fileEncoding = 4; lastKnownFileType = sourcecode.cpp.h; path = Shader.hpp; sourceTree = "<group>"; };
		C2E54CDE239D2E8700A84E8C /* MaterialLayout.hpp */ = {isa = PBXFileReference; fileEncoding = 4; lastKnownFileType = sourcecode.cpp.h; path = MaterialLayout.hpp; sourceTree = "<group>"; };
		C2E54CDF239D2E8700A84E8C /* Material.cpp */ = {isa = PBXFileReference; fileEncoding = 4; lastKnownFileType = sourcecode.cpp.cpp; path = Material.cpp; sourceTree = "<group>"; };
		C2E54CE0239D2E8700A84E8C /* GraphicsResourceHeap.hpp */ = {isa = PBXFileReference; fileEncoding = 4; lastKnownFileType = sourcecode.cpp.h; path = GraphicsResourceHeap.hpp; sourceTree = "<group>"; };
		C2E54D03239D2E8700A84E8C /* BaseMetalObject.m */ = {isa = PBXFileReference; fileEncoding = 4; lastKnownFileType = sourcecode.c.objc; path = BaseMetalObject.m; sourceTree = "<group>"; };
		C2E54D05239D2E8700A84E8C /* ShaderMetalBridge.hpp */ = {isa = PBXFileReference; fileEncoding = 4; lastKnownFileType = sourcecode.cpp.h; path = ShaderMetalBridge.hpp; sourceTree = "<group>"; };
		C2E54D06239D2E8700A84E8C /* ShaderMetalAdapter.hpp */ = {isa = PBXFileReference; fileEncoding = 4; lastKnownFileType = sourcecode.cpp.h; path = ShaderMetalAdapter.hpp; sourceTree = "<group>"; };
		C2E54D07239D2E8700A84E8C /* ShaderMetal.h */ = {isa = PBXFileReference; fileEncoding = 4; lastKnownFileType = sourcecode.c.h; path = ShaderMetal.h; sourceTree = "<group>"; };
		C2E54D08239D2E8700A84E8C /* ShaderMetalAdapter.mm */ = {isa = PBXFileReference; fileEncoding = 4; lastKnownFileType = sourcecode.cpp.objcpp; path = ShaderMetalAdapter.mm; sourceTree = "<group>"; };
		C2E54D09239D2E8700A84E8C /* ShaderMetal.mm */ = {isa = PBXFileReference; fileEncoding = 4; lastKnownFileType = sourcecode.cpp.objcpp; path = ShaderMetal.mm; sourceTree = "<group>"; };
		C2E54D0A239D2E8700A84E8C /* ShaderMetalBridge.cpp */ = {isa = PBXFileReference; fileEncoding = 4; lastKnownFileType = sourcecode.cpp.cpp; path = ShaderMetalBridge.cpp; sourceTree = "<group>"; };
		C2E54D0C239D2E8700A84E8C /* EiRasMetalBridge.hpp */ = {isa = PBXFileReference; fileEncoding = 4; lastKnownFileType = sourcecode.cpp.h; path = EiRasMetalBridge.hpp; sourceTree = "<group>"; };
		C2E54D0D239D2E8700A84E8C /* EiRasMetalAdapter.hpp */ = {isa = PBXFileReference; fileEncoding = 4; lastKnownFileType = sourcecode.cpp.h; path = EiRasMetalAdapter.hpp; sourceTree = "<group>"; };
		C2E54D0E239D2E8700A84E8C /* EiRasMetal.h */ = {isa = PBXFileReference; fileEncoding = 4; lastKnownFileType = sourcecode.c.h; path = EiRasMetal.h; sourceTree = "<group>"; };
		C2E54D0F239D2E8700A84E8C /* EiRasMetalAdapter.mm */ = {isa = PBXFileReference; fileEncoding = 4; lastKnownFileType = sourcecode.cpp.objcpp; path = EiRasMetalAdapter.mm; sourceTree = "<group>"; };
		C2E54D10239D2E8700A84E8C /* EiRasMetalBridge.cpp */ = {isa = PBXFileReference; fileEncoding = 4; lastKnownFileType = sourcecode.cpp.cpp; path = EiRasMetalBridge.cpp; sourceTree = "<group>"; };
		C2E54D11239D2E8700A84E8C /* EiRasMetal.mm */ = {isa = PBXFileReference; fileEncoding = 4; lastKnownFileType = sourcecode.cpp.objcpp; path = EiRasMetal.mm; sourceTree = "<group>"; };
		C2E54D12239D2E8700A84E8C /* BaseMetalObject.h */ = {isa = PBXFileReference; fileEncoding = 4; lastKnownFileType = sourcecode.c.h; path = BaseMetalObject.h; sourceTree = "<group>"; };
		C2E54D14239D2E8700A84E8C /* MaterialMetalAdapter.hpp */ = {isa = PBXFileReference; fileEncoding = 4; lastKnownFileType = sourcecode.cpp.h; path = MaterialMetalAdapter.hpp; sourceTree = "<group>"; };
		C2E54D15239D2E8700A84E8C /* MaterialMetalBridge.cpp */ = {isa = PBXFileReference; fileEncoding = 4; lastKnownFileType = sourcecode.cpp.cpp; path = MaterialMetalBridge.cpp; sourceTree = "<group>"; };
		C2E54D16239D2E8700A84E8C /* MaterialMetalAdapter.mm */ = {isa = PBXFileReference; fileEncoding = 4; lastKnownFileType = sourcecode.cpp.objcpp; path = MaterialMetalAdapter.mm; sourceTree = "<group>"; };
		C2E54D17239D2E8700A84E8C /* MaterialMetal.h */ = {isa = PBXFileReference; fileEncoding = 4; lastKnownFileType = sourcecode.c.h; path = MaterialMetal.h; sourceTree = "<group>"; };
		C2E54D18239D2E8700A84E8C /* MaterialMetal.mm */ = {isa = PBXFileReference; fileEncoding = 4; lastKnownFileType = sourcecode.cpp.objcpp; path = MaterialMetal.mm; sourceTree = "<group>"; };
		C2E54D19239D2E8700A84E8C /* MaterialMetalBridge.hpp */ = {isa = PBXFileReference; fileEncoding = 4; lastKnownFileType = sourcecode.cpp.h; path = MaterialMetalBridge.hpp; sourceTree = "<group>"; };
		C2E54D1B239D2E8700A84E8C /* CommandBufferMetal.h */ = {isa = PBXFileReference; fileEncoding = 4; lastKnownFileType = sourcecode.c.h; path = CommandBufferMetal.h; sourceTree = "<group>"; };
		C2E54D1C239D2E8700A84E8C /* CommandBufferMetalAdapter.hpp */ = {isa = PBXFileReference; fileEncoding = 4; lastKnownFileType = sourcecode.cpp.h; path = CommandBufferMetalAdapter.hpp; sourceTree = "<group>"; };
		C2E54D1D239D2E8700A84E8C /* CommandBufferMetalAdapter.mm */ = {isa = PBXFileReference; fileEncoding = 4; lastKnownFileType = sourcecode.cpp.objcpp; path = CommandBufferMetalAdapter.mm; sourceTree = "<group>"; };
		C2E54D1E239D2E8700A84E8C /* CommandBufferMetal.mm */ = {isa = PBXFileReference; fileEncoding = 4; lastKnownFileType = sourcecode.cpp.objcpp; path = CommandBufferMetal.mm; sourceTree = "<group>"; };
		C2E54D1F239D2E8700A84E8C /* CommandBufferMetalBridge.cpp */ = {isa = PBXFileReference; fileEncoding = 4; lastKnownFileType = sourcecode.cpp.cpp; path = CommandBufferMetalBridge.cpp; sourceTree = "<group>"; };
		C2E54D20239D2E8700A84E8C /* CommandBufferMetalBridge.hpp */ = {isa = PBXFileReference; fileEncoding = 4; lastKnownFileType = sourcecode.cpp.h; path = CommandBufferMetalBridge.hpp; sourceTree = "<group>"; };
		C2E54D21239D2E8700A84E8C /* MetalMacro.h */ = {isa = PBXFileReference; fileEncoding = 4; lastKnownFileType = sourcecode.c.h; path = MetalMacro.h; sourceTree = "<group>"; };
		C2E54D48239D380800A84E8C /* GraphicsResourceMetalBridge.cpp */ = {isa = PBXFileReference; lastKnownFileType = sourcecode.cpp.cpp; path = GraphicsResourceMetalBridge.cpp; sourceTree = "<group>"; };
		C2E54D49239D380800A84E8C /* GraphicsResourceMetalBridge.hpp */ = {isa = PBXFileReference; lastKnownFileType = sourcecode.cpp.h; path = GraphicsResourceMetalBridge.hpp; sourceTree = "<group>"; };
		C2E54D4B239D3A1B00A84E8C /* GraphicsResourceMetalAdapter.mm */ = {isa = PBXFileReference; lastKnownFileType = sourcecode.cpp.objcpp; path = GraphicsResourceMetalAdapter.mm; sourceTree = "<group>"; };
		C2E54D4C239D3A1B00A84E8C /* GraphicsResourceMetalAdapter.hpp */ = {isa = PBXFileReference; lastKnownFileType = sourcecode.cpp.h; path = GraphicsResourceMetalAdapter.hpp; sourceTree = "<group>"; };
		C2E54D4E239D3B1800A84E8C /* ConstantBufferMetal.h */ = {isa = PBXFileReference; lastKnownFileType = sourcecode.c.h; path = ConstantBufferMetal.h; sourceTree = "<group>"; };
		C2E54D4F239D3B1800A84E8C /* ConstantBufferMetal.mm */ = {isa = PBXFileReference; lastKnownFileType = sourcecode.cpp.objcpp; path = ConstantBufferMetal.mm; sourceTree = "<group>"; };
		C2E54D51239D401200A84E8C /* GraphicsResourceHeapMetalBridge.cpp */ = {isa = PBXFileReference; lastKnownFileType = sourcecode.cpp.cpp; path = GraphicsResourceHeapMetalBridge.cpp; sourceTree = "<group>"; };
		C2E54D52239D401200A84E8C /* GraphicsResourceHeapMetalBridge.hpp */ = {isa = PBXFileReference; lastKnownFileType = sourcecode.cpp.h; path = GraphicsResourceHeapMetalBridge.hpp; sourceTree = "<group>"; };
		C2E54D54239D40DB00A84E8C /* GraphicsResourceHeapMetal.h */ = {isa = PBXFileReference; lastKnownFileType = sourcecode.c.h; path = GraphicsResourceHeapMetal.h; sourceTree = "<group>"; };
		C2E54D55239D40DB00A84E8C /* GraphicsResourceHeapMetal.mm */ = {isa = PBXFileReference; lastKnownFileType = sourcecode.cpp.objcpp; path = GraphicsResourceHeapMetal.mm; sourceTree = "<group>"; };
		C2E54D57239D46EB00A84E8C /* GraphicsResourceHeapMetalAdapter.mm */ = {isa = PBXFileReference; lastKnownFileType = sourcecode.cpp.objcpp; path = GraphicsResourceHeapMetalAdapter.mm; sourceTree = "<group>"; };
		C2E54D58239D46EB00A84E8C /* GraphicsResourceHeapMetalAdapter.hpp */ = {isa = PBXFileReference; lastKnownFileType = sourcecode.cpp.h; path = GraphicsResourceHeapMetalAdapter.hpp; sourceTree = "<group>"; };
/* End PBXFileReference section */

/* Begin PBXFrameworksBuildPhase section */
		C23CAC9A2379A37F00AA5737 /* Frameworks */ = {
			isa = PBXFrameworksBuildPhase;
			buildActionMask = 2147483647;
			files = (
				C23CAD31237AF2E600AA5737 /* MetalKit.framework in Frameworks */,
			);
			runOnlyForDeploymentPostprocessing = 0;
		};
		C23CACB02379A38200AA5737 /* Frameworks */ = {
			isa = PBXFrameworksBuildPhase;
			buildActionMask = 2147483647;
			files = (
			);
			runOnlyForDeploymentPostprocessing = 0;
		};
		C23CACBB2379A38200AA5737 /* Frameworks */ = {
			isa = PBXFrameworksBuildPhase;
			buildActionMask = 2147483647;
			files = (
			);
			runOnlyForDeploymentPostprocessing = 0;
		};
/* End PBXFrameworksBuildPhase section */

/* Begin PBXGroup section */
		C23CAC942379A37F00AA5737 = {
			isa = PBXGroup;
			children = (
				C23CAC9F2379A37F00AA5737 /* EiRasMetalBuild */,
				C23CACB62379A38200AA5737 /* EiRasMetalBuildTests */,
				C23CACC12379A38200AA5737 /* EiRasMetalBuildUITests */,
				C23CAC9E2379A37F00AA5737 /* Products */,
				C23CAD2F237AF2E600AA5737 /* Frameworks */,
			);
			sourceTree = "<group>";
		};
		C23CAC9E2379A37F00AA5737 /* Products */ = {
			isa = PBXGroup;
			children = (
				C23CAC9D2379A37F00AA5737 /* EiRasMetalBuild.app */,
				C23CACB32379A38200AA5737 /* EiRasMetalBuildTests.xctest */,
				C23CACBE2379A38200AA5737 /* EiRasMetalBuildUITests.xctest */,
			);
			name = Products;
			sourceTree = "<group>";
		};
		C23CAC9F2379A37F00AA5737 /* EiRasMetalBuild */ = {
			isa = PBXGroup;
			children = (
				C2E54CB5239D2E8700A84E8C /* Framework */,
				C23CACA02379A37F00AA5737 /* AppDelegate.h */,
				C23CACA12379A37F00AA5737 /* AppDelegate.m */,
				C23CACA32379A37F00AA5737 /* ViewController.h */,
				C23CACA42379A37F00AA5737 /* ViewController.mm */,
				C23CACA62379A38200AA5737 /* Assets.xcassets */,
				C23CACA82379A38200AA5737 /* Main.storyboard */,
				C23CACAB2379A38200AA5737 /* Info.plist */,
				C23CACAC2379A38200AA5737 /* main.m */,
				C23CACAE2379A38200AA5737 /* EiRasMetalBuild.entitlements */,
			);
			path = EiRasMetalBuild;
			sourceTree = "<group>";
		};
		C23CACB62379A38200AA5737 /* EiRasMetalBuildTests */ = {
			isa = PBXGroup;
			children = (
				C23CACB72379A38200AA5737 /* EiRasMetalBuildTests.m */,
				C23CACB92379A38200AA5737 /* Info.plist */,
			);
			path = EiRasMetalBuildTests;
			sourceTree = "<group>";
		};
		C23CACC12379A38200AA5737 /* EiRasMetalBuildUITests */ = {
			isa = PBXGroup;
			children = (
				C23CACC22379A38200AA5737 /* EiRasMetalBuildUITests.m */,
				C23CACC42379A38200AA5737 /* Info.plist */,
			);
			path = EiRasMetalBuildUITests;
			sourceTree = "<group>";
		};
		C23CAD2F237AF2E600AA5737 /* Frameworks */ = {
			isa = PBXGroup;
			children = (
				C23CAD30237AF2E600AA5737 /* MetalKit.framework */,
			);
			name = Frameworks;
			sourceTree = "<group>";
		};
		C2E54CB5239D2E8700A84E8C /* Framework */ = {
			isa = PBXGroup;
			children = (
				C2E54CB6239D2E8700A84E8C /* EiRas */,
			);
			name = Framework;
			path = ../../../../Framework;
			sourceTree = "<group>";
		};
		C2E54CB6239D2E8700A84E8C /* EiRas */ = {
			isa = PBXGroup;
			children = (
				C2E54CB7239D2E8700A84E8C /* BuiltinProtocols */,
				C2E54CB8239D2E8700A84E8C /* Mesh */,
				C2E54CBE239D2E8700A84E8C /* Utils */,
				C2E54CC0239D2E8700A84E8C /* ShaderFile */,
				C2E54CC4239D2E8700A84E8C /* Graphics */,
				C2E54CC9239D2E8700A84E8C /* GraphicsAPI */,
				C2E54CCC239D2E8700A84E8C /* Protocols */,
				C2E54CCE239D2E8700A84E8C /* Global */,
				C2E54CD4239D2E8700A84E8C /* Material */,
				C2E54CE1239D2E8700A84E8C /* PlatformDependency */,
			);
			path = EiRas;
			sourceTree = "<group>";
		};
		C2E54CB7239D2E8700A84E8C /* BuiltinProtocols */ = {
			isa = PBXGroup;
			children = (
			);
			path = BuiltinProtocols;
			sourceTree = "<group>";
		};
		C2E54CB8239D2E8700A84E8C /* Mesh */ = {
			isa = PBXGroup;
			children = (
				C2E54CB9239D2E8700A84E8C /* Mesh.cpp */,
				C2E54CBA239D2E8700A84E8C /* Mesh.hpp */,
			);
			path = Mesh;
			sourceTree = "<group>";
		};
		C2E54CBE239D2E8700A84E8C /* Utils */ = {
			isa = PBXGroup;
			children = (
				C2E54CBF239D2E8700A84E8C /* MetalOnly */,
			);
			path = Utils;
			sourceTree = "<group>";
		};
		C2E54CBF239D2E8700A84E8C /* MetalOnly */ = {
			isa = PBXGroup;
			children = (
			);
			path = MetalOnly;
			sourceTree = "<group>";
		};
		C2E54CC0239D2E8700A84E8C /* ShaderFile */ = {
			isa = PBXGroup;
			children = (
				C2E54CC1239D2E8700A84E8C /* Metal */,
			);
			path = ShaderFile;
			sourceTree = "<group>";
		};
		C2E54CC1239D2E8700A84E8C /* Metal */ = {
			isa = PBXGroup;
			children = (
				C2E54CC2239D2E8700A84E8C /* MetalGraphicsPipelineInput.h */,
				C2E54CC3239D2E8700A84E8C /* AAPLShaders.metal */,
			);
			path = Metal;
			sourceTree = "<group>";
		};
		C2E54CC4239D2E8700A84E8C /* Graphics */ = {
			isa = PBXGroup;
			children = (
				C2E54CC5239D2E8700A84E8C /* GraphicsRenderState.hpp */,
				C2E54CC6239D2E8700A84E8C /* CommandBuffer.hpp */,
				C2E54CC7239D2E8700A84E8C /* GraphicsRenderState.cpp */,
				C2E54CC8239D2E8700A84E8C /* CommandBuffer.cpp */,
			);
			path = Graphics;
			sourceTree = "<group>";
		};
		C2E54CC9239D2E8700A84E8C /* GraphicsAPI */ = {
			isa = PBXGroup;
			children = (
				C2E54CCA239D2E8700A84E8C /* EiRas.cpp */,
				C2E54CCB239D2E8700A84E8C /* EiRas.hpp */,
			);
			path = GraphicsAPI;
			sourceTree = "<group>";
		};
		C2E54CCC239D2E8700A84E8C /* Protocols */ = {
			isa = PBXGroup;
			children = (
				C2E54CCD239D2E8700A84E8C /* EiRasProtocol.h */,
			);
			path = Protocols;
			sourceTree = "<group>";
		};
		C2E54CCE239D2E8700A84E8C /* Global */ = {
			isa = PBXGroup;
			children = (
				C2E54CCF239D2E8700A84E8C /* EiRasGlobalManager.hpp */,
				C2E54CD0239D2E8700A84E8C /* PlatformDefine.h */,
				C2E54CD1239D2E8700A84E8C /* EiRasGlobalManager.cpp */,
				C2E54CD2239D2E8700A84E8C /* PlatformDependency */,
			);
			path = Global;
			sourceTree = "<group>";
		};
		C2E54CD2239D2E8700A84E8C /* PlatformDependency */ = {
			isa = PBXGroup;
			children = (
				C2E54CD3239D2E8700A84E8C /* EiRasPlatformBridgeProtocol.h */,
			);
			path = PlatformDependency;
			sourceTree = "<group>";
		};
		C2E54CD4239D2E8700A84E8C /* Material */ = {
			isa = PBXGroup;
			children = (
				C2E54CDE239D2E8700A84E8C /* MaterialLayout.hpp */,
				C2E54CD5239D2E8700A84E8C /* MaterialLayout.cpp */,
				C2E54CD6239D2E8700A84E8C /* Material.hpp */,
				C2E54CD7239D2E8700A84E8C /* GraphicsResourceHeap.cpp */,
				C2E54CD8239D2E8700A84E8C /* ShaderLayout.h */,
				C2E54CD9239D2E8700A84E8C /* ShaderLayout.cpp */,
				C2E54CDA239D2E8700A84E8C /* GraphicsResource.cpp */,
				C2E54CDB239D2E8700A84E8C /* Shader.cpp */,
				C2E54CDC239D2E8700A84E8C /* GraphicsResource.hpp */,
				C2E54CDD239D2E8700A84E8C /* Shader.hpp */,
				C2E54CDF239D2E8700A84E8C /* Material.cpp */,
				C2E54CE0239D2E8700A84E8C /* GraphicsResourceHeap.hpp */,
			);
			path = Material;
			sourceTree = "<group>";
		};
		C2E54CE1239D2E8700A84E8C /* PlatformDependency */ = {
			isa = PBXGroup;
			children = (
				C2E54D02239D2E8700A84E8C /* OnMetal */,
			);
			path = PlatformDependency;
			sourceTree = "<group>";
		};
		C2E54D02239D2E8700A84E8C /* OnMetal */ = {
			isa = PBXGroup;
			children = (
				C2E54D21239D2E8700A84E8C /* MetalMacro.h */,
				C2E54D12239D2E8700A84E8C /* BaseMetalObject.h */,
				C2E54D03239D2E8700A84E8C /* BaseMetalObject.m */,
				C2E54D04239D2E8700A84E8C /* Shader */,
				C2E54D0B239D2E8700A84E8C /* GraphicsAPI */,
				C2E54D13239D2E8700A84E8C /* Material */,
				C2E54D1A239D2E8700A84E8C /* CommandBuffer */,
			);
			path = OnMetal;
			sourceTree = "<group>";
		};
		C2E54D04239D2E8700A84E8C /* Shader */ = {
			isa = PBXGroup;
			children = (
				C2E54D05239D2E8700A84E8C /* ShaderMetalBridge.hpp */,
				C2E54D06239D2E8700A84E8C /* ShaderMetalAdapter.hpp */,
				C2E54D07239D2E8700A84E8C /* ShaderMetal.h */,
				C2E54D08239D2E8700A84E8C /* ShaderMetalAdapter.mm */,
				C2E54D09239D2E8700A84E8C /* ShaderMetal.mm */,
				C2E54D0A239D2E8700A84E8C /* ShaderMetalBridge.cpp */,
			);
			path = Shader;
			sourceTree = "<group>";
		};
		C2E54D0B239D2E8700A84E8C /* GraphicsAPI */ = {
			isa = PBXGroup;
			children = (
				C2E54D0C239D2E8700A84E8C /* EiRasMetalBridge.hpp */,
				C2E54D0D239D2E8700A84E8C /* EiRasMetalAdapter.hpp */,
				C2E54D0E239D2E8700A84E8C /* EiRasMetal.h */,
				C2E54D0F239D2E8700A84E8C /* EiRasMetalAdapter.mm */,
				C2E54D10239D2E8700A84E8C /* EiRasMetalBridge.cpp */,
				C2E54D11239D2E8700A84E8C /* EiRasMetal.mm */,
			);
			path = GraphicsAPI;
			sourceTree = "<group>";
		};
		C2E54D13239D2E8700A84E8C /* Material */ = {
			isa = PBXGroup;
			children = (
				C2E54D14239D2E8700A84E8C /* MaterialMetalAdapter.hpp */,
				C2E54D16239D2E8700A84E8C /* MaterialMetalAdapter.mm */,
				C2E54D19239D2E8700A84E8C /* MaterialMetalBridge.hpp */,
				C2E54D15239D2E8700A84E8C /* MaterialMetalBridge.cpp */,
				C2E54D17239D2E8700A84E8C /* MaterialMetal.h */,
				C2E54D18239D2E8700A84E8C /* MaterialMetal.mm */,
				C2E54D48239D380800A84E8C /* GraphicsResourceMetalBridge.cpp */,
				C2E54D49239D380800A84E8C /* GraphicsResourceMetalBridge.hpp */,
				C2E54D4B239D3A1B00A84E8C /* GraphicsResourceMetalAdapter.mm */,
				C2E54D4C239D3A1B00A84E8C /* GraphicsResourceMetalAdapter.hpp */,
				C2E54D4E239D3B1800A84E8C /* ConstantBufferMetal.h */,
				C2E54D4F239D3B1800A84E8C /* ConstantBufferMetal.mm */,
				C2E54D51239D401200A84E8C /* GraphicsResourceHeapMetalBridge.cpp */,
				C2E54D52239D401200A84E8C /* GraphicsResourceHeapMetalBridge.hpp */,
				C2E54D57239D46EB00A84E8C /* GraphicsResourceHeapMetalAdapter.mm */,
				C2E54D58239D46EB00A84E8C /* GraphicsResourceHeapMetalAdapter.hpp */,
				C2E54D54239D40DB00A84E8C /* GraphicsResourceHeapMetal.h */,
				C2E54D55239D40DB00A84E8C /* GraphicsResourceHeapMetal.mm */,
			);
			path = Material;
			sourceTree = "<group>";
		};
		C2E54D1A239D2E8700A84E8C /* CommandBuffer */ = {
			isa = PBXGroup;
			children = (
				C2E54D1B239D2E8700A84E8C /* CommandBufferMetal.h */,
				C2E54D1C239D2E8700A84E8C /* CommandBufferMetalAdapter.hpp */,
				C2E54D1D239D2E8700A84E8C /* CommandBufferMetalAdapter.mm */,
				C2E54D1E239D2E8700A84E8C /* CommandBufferMetal.mm */,
				C2E54D1F239D2E8700A84E8C /* CommandBufferMetalBridge.cpp */,
				C2E54D20239D2E8700A84E8C /* CommandBufferMetalBridge.hpp */,
			);
			path = CommandBuffer;
			sourceTree = "<group>";
		};
/* End PBXGroup section */

/* Begin PBXNativeTarget section */
		C23CAC9C2379A37F00AA5737 /* EiRasMetalBuild */ = {
			isa = PBXNativeTarget;
			buildConfigurationList = C23CACC72379A38200AA5737 /* Build configuration list for PBXNativeTarget "EiRasMetalBuild" */;
			buildPhases = (
				C23CAC992379A37F00AA5737 /* Sources */,
				C23CAC9A2379A37F00AA5737 /* Frameworks */,
				C23CAC9B2379A37F00AA5737 /* Resources */,
			);
			buildRules = (
			);
			dependencies = (
			);
			name = EiRasMetalBuild;
			productName = EiRasMetalBuild;
			productReference = C23CAC9D2379A37F00AA5737 /* EiRasMetalBuild.app */;
			productType = "com.apple.product-type.application";
		};
		C23CACB22379A38200AA5737 /* EiRasMetalBuildTests */ = {
			isa = PBXNativeTarget;
			buildConfigurationList = C23CACCA2379A38200AA5737 /* Build configuration list for PBXNativeTarget "EiRasMetalBuildTests" */;
			buildPhases = (
				C23CACAF2379A38200AA5737 /* Sources */,
				C23CACB02379A38200AA5737 /* Frameworks */,
				C23CACB12379A38200AA5737 /* Resources */,
			);
			buildRules = (
			);
			dependencies = (
				C23CACB52379A38200AA5737 /* PBXTargetDependency */,
			);
			name = EiRasMetalBuildTests;
			productName = EiRasMetalBuildTests;
			productReference = C23CACB32379A38200AA5737 /* EiRasMetalBuildTests.xctest */;
			productType = "com.apple.product-type.bundle.unit-test";
		};
		C23CACBD2379A38200AA5737 /* EiRasMetalBuildUITests */ = {
			isa = PBXNativeTarget;
			buildConfigurationList = C23CACCD2379A38200AA5737 /* Build configuration list for PBXNativeTarget "EiRasMetalBuildUITests" */;
			buildPhases = (
				C23CACBA2379A38200AA5737 /* Sources */,
				C23CACBB2379A38200AA5737 /* Frameworks */,
				C23CACBC2379A38200AA5737 /* Resources */,
			);
			buildRules = (
			);
			dependencies = (
				C23CACC02379A38200AA5737 /* PBXTargetDependency */,
			);
			name = EiRasMetalBuildUITests;
			productName = EiRasMetalBuildUITests;
			productReference = C23CACBE2379A38200AA5737 /* EiRasMetalBuildUITests.xctest */;
			productType = "com.apple.product-type.bundle.ui-testing";
		};
/* End PBXNativeTarget section */

/* Begin PBXProject section */
		C23CAC952379A37F00AA5737 /* Project object */ = {
			isa = PBXProject;
			attributes = {
				LastUpgradeCheck = 1120;
				ORGANIZATIONNAME = MonsterENT;
				TargetAttributes = {
					C23CAC9C2379A37F00AA5737 = {
						CreatedOnToolsVersion = 11.2;
					};
					C23CACB22379A38200AA5737 = {
						CreatedOnToolsVersion = 11.2;
						TestTargetID = C23CAC9C2379A37F00AA5737;
					};
					C23CACBD2379A38200AA5737 = {
						CreatedOnToolsVersion = 11.2;
						TestTargetID = C23CAC9C2379A37F00AA5737;
					};
				};
			};
			buildConfigurationList = C23CAC982379A37F00AA5737 /* Build configuration list for PBXProject "EiRasMetalBuild" */;
			compatibilityVersion = "Xcode 9.3";
			developmentRegion = en;
			hasScannedForEncodings = 0;
			knownRegions = (
				en,
				Base,
			);
			mainGroup = C23CAC942379A37F00AA5737;
			productRefGroup = C23CAC9E2379A37F00AA5737 /* Products */;
			projectDirPath = "";
			projectRoot = "";
			targets = (
				C23CAC9C2379A37F00AA5737 /* EiRasMetalBuild */,
				C23CACB22379A38200AA5737 /* EiRasMetalBuildTests */,
				C23CACBD2379A38200AA5737 /* EiRasMetalBuildUITests */,
			);
		};
/* End PBXProject section */

/* Begin PBXResourcesBuildPhase section */
		C23CAC9B2379A37F00AA5737 /* Resources */ = {
			isa = PBXResourcesBuildPhase;
			buildActionMask = 2147483647;
			files = (
				C23CACA72379A38200AA5737 /* Assets.xcassets in Resources */,
				C23CACAA2379A38200AA5737 /* Main.storyboard in Resources */,
			);
			runOnlyForDeploymentPostprocessing = 0;
		};
		C23CACB12379A38200AA5737 /* Resources */ = {
			isa = PBXResourcesBuildPhase;
			buildActionMask = 2147483647;
			files = (
			);
			runOnlyForDeploymentPostprocessing = 0;
		};
		C23CACBC2379A38200AA5737 /* Resources */ = {
			isa = PBXResourcesBuildPhase;
			buildActionMask = 2147483647;
			files = (
			);
			runOnlyForDeploymentPostprocessing = 0;
		};
/* End PBXResourcesBuildPhase section */

/* Begin PBXSourcesBuildPhase section */
		C23CAC992379A37F00AA5737 /* Sources */ = {
			isa = PBXSourcesBuildPhase;
			buildActionMask = 2147483647;
			files = (
				C23CACA52379A37F00AA5737 /* ViewController.mm in Sources */,
				C2E54D46239D2E8700A84E8C /* CommandBufferMetal.mm in Sources */,
				C2E54D59239D46EB00A84E8C /* GraphicsResourceHeapMetalAdapter.mm in Sources */,
				C2E54D50239D3B1800A84E8C /* ConstantBufferMetal.mm in Sources */,
				C2E54D53239D401200A84E8C /* GraphicsResourceHeapMetalBridge.cpp in Sources */,
				C23CACAD2379A38200AA5737 /* main.m in Sources */,
				C2E54D27239D2E8700A84E8C /* EiRasGlobalManager.cpp in Sources */,
				C2E54D24239D2E8700A84E8C /* GraphicsRenderState.cpp in Sources */,
				C2E54D42239D2E8700A84E8C /* MaterialMetalBridge.cpp in Sources */,
				C2E54D2C239D2E8700A84E8C /* Shader.cpp in Sources */,
				C2E54D28239D2E8700A84E8C /* MaterialLayout.cpp in Sources */,
				C2E54D44239D2E8700A84E8C /* MaterialMetal.mm in Sources */,
				C2E54D3D239D2E8700A84E8C /* ShaderMetal.mm in Sources */,
				C2E54D56239D40DC00A84E8C /* GraphicsResourceHeapMetal.mm in Sources */,
				C2E54D29239D2E8700A84E8C /* GraphicsResourceHeap.cpp in Sources */,
				C2E54D3B239D2E8700A84E8C /* BaseMetalObject.m in Sources */,
				C2E54D3F239D2E8700A84E8C /* EiRasMetalAdapter.mm in Sources */,
				C2E54D3C239D2E8700A84E8C /* ShaderMetalAdapter.mm in Sources */,
				C2E54D4D239D3A1B00A84E8C /* GraphicsResourceMetalAdapter.mm in Sources */,
				C2E54D4A239D380800A84E8C /* GraphicsResourceMetalBridge.cpp in Sources */,
				C2E54D43239D2E8700A84E8C /* MaterialMetalAdapter.mm in Sources */,
				C2E54D2A239D2E8700A84E8C /* ShaderLayout.cpp in Sources */,
				C2E54D47239D2E8700A84E8C /* CommandBufferMetalBridge.cpp in Sources */,
				C2E54D2D239D2E8700A84E8C /* Material.cpp in Sources */,
				C2E54D22239D2E8700A84E8C /* Mesh.cpp in Sources */,
				C2E54D45239D2E8700A84E8C /* CommandBufferMetalAdapter.mm in Sources */,
				C2E54D23239D2E8700A84E8C /* AAPLShaders.metal in Sources */,
				C23CACA22379A37F00AA5737 /* AppDelegate.m in Sources */,
				C2E54D2B239D2E8700A84E8C /* GraphicsResource.cpp in Sources */,
				C2E54D26239D2E8700A84E8C /* EiRas.cpp in Sources */,
				C2E54D40239D2E8700A84E8C /* EiRasMetalBridge.cpp in Sources */,
				C2E54D41239D2E8700A84E8C /* EiRasMetal.mm in Sources */,
				C2E54D3E239D2E8700A84E8C /* ShaderMetalBridge.cpp in Sources */,
				C2E54D25239D2E8700A84E8C /* CommandBuffer.cpp in Sources */,
			);
			runOnlyForDeploymentPostprocessing = 0;
		};
		C23CACAF2379A38200AA5737 /* Sources */ = {
			isa = PBXSourcesBuildPhase;
			buildActionMask = 2147483647;
			files = (
				C23CACB82379A38200AA5737 /* EiRasMetalBuildTests.m in Sources */,
			);
			runOnlyForDeploymentPostprocessing = 0;
		};
		C23CACBA2379A38200AA5737 /* Sources */ = {
			isa = PBXSourcesBuildPhase;
			buildActionMask = 2147483647;
			files = (
				C23CACC32379A38200AA5737 /* EiRasMetalBuildUITests.m in Sources */,
			);
			runOnlyForDeploymentPostprocessing = 0;
		};
/* End PBXSourcesBuildPhase section */

/* Begin PBXTargetDependency section */
		C23CACB52379A38200AA5737 /* PBXTargetDependency */ = {
			isa = PBXTargetDependency;
			target = C23CAC9C2379A37F00AA5737 /* EiRasMetalBuild */;
			targetProxy = C23CACB42379A38200AA5737 /* PBXContainerItemProxy */;
		};
		C23CACC02379A38200AA5737 /* PBXTargetDependency */ = {
			isa = PBXTargetDependency;
			target = C23CAC9C2379A37F00AA5737 /* EiRasMetalBuild */;
			targetProxy = C23CACBF2379A38200AA5737 /* PBXContainerItemProxy */;
		};
/* End PBXTargetDependency section */

/* Begin PBXVariantGroup section */
		C23CACA82379A38200AA5737 /* Main.storyboard */ = {
			isa = PBXVariantGroup;
			children = (
				C23CACA92379A38200AA5737 /* Base */,
			);
			name = Main.storyboard;
			sourceTree = "<group>";
		};
/* End PBXVariantGroup section */

/* Begin XCBuildConfiguration section */
		C23CACC52379A38200AA5737 /* Debug */ = {
			isa = XCBuildConfiguration;
			buildSettings = {
				ALWAYS_SEARCH_USER_PATHS = NO;
				CLANG_ANALYZER_NONNULL = YES;
				CLANG_ANALYZER_NUMBER_OBJECT_CONVERSION = YES_AGGRESSIVE;
				CLANG_CXX_LANGUAGE_STANDARD = "gnu++14";
				CLANG_CXX_LIBRARY = "libc++";
				CLANG_ENABLE_MODULES = YES;
				CLANG_ENABLE_OBJC_ARC = YES;
				CLANG_ENABLE_OBJC_WEAK = YES;
				CLANG_WARN_BLOCK_CAPTURE_AUTORELEASING = YES;
				CLANG_WARN_BOOL_CONVERSION = YES;
				CLANG_WARN_COMMA = YES;
				CLANG_WARN_CONSTANT_CONVERSION = YES;
				CLANG_WARN_DEPRECATED_OBJC_IMPLEMENTATIONS = YES;
				CLANG_WARN_DIRECT_OBJC_ISA_USAGE = YES_ERROR;
				CLANG_WARN_DOCUMENTATION_COMMENTS = YES;
				CLANG_WARN_EMPTY_BODY = YES;
				CLANG_WARN_ENUM_CONVERSION = YES;
				CLANG_WARN_INFINITE_RECURSION = YES;
				CLANG_WARN_INT_CONVERSION = YES;
				CLANG_WARN_NON_LITERAL_NULL_CONVERSION = YES;
				CLANG_WARN_OBJC_IMPLICIT_RETAIN_SELF = YES;
				CLANG_WARN_OBJC_LITERAL_CONVERSION = YES;
				CLANG_WARN_OBJC_ROOT_CLASS = YES_ERROR;
				CLANG_WARN_RANGE_LOOP_ANALYSIS = YES;
				CLANG_WARN_STRICT_PROTOTYPES = YES;
				CLANG_WARN_SUSPICIOUS_MOVE = YES;
				CLANG_WARN_UNGUARDED_AVAILABILITY = YES_AGGRESSIVE;
				CLANG_WARN_UNREACHABLE_CODE = YES;
				CLANG_WARN__DUPLICATE_METHOD_MATCH = YES;
				COPY_PHASE_STRIP = NO;
				DEBUG_INFORMATION_FORMAT = dwarf;
				ENABLE_STRICT_OBJC_MSGSEND = YES;
				ENABLE_TESTABILITY = YES;
				FRAMEWORK_SEARCH_PATHS = "";
				GCC_C_LANGUAGE_STANDARD = gnu11;
				GCC_DYNAMIC_NO_PIC = NO;
				GCC_NO_COMMON_BLOCKS = YES;
				GCC_OPTIMIZATION_LEVEL = 0;
				GCC_PREPROCESSOR_DEFINITIONS = (
					"DEBUG=1",
					"$(inherited)",
				);
				GCC_WARN_64_TO_32_BIT_CONVERSION = YES;
				GCC_WARN_ABOUT_RETURN_TYPE = YES_ERROR;
				GCC_WARN_UNDECLARED_SELECTOR = YES;
				GCC_WARN_UNINITIALIZED_AUTOS = YES_AGGRESSIVE;
				GCC_WARN_UNUSED_FUNCTION = YES;
				GCC_WARN_UNUSED_VARIABLE = YES;
				HEADER_SEARCH_PATHS = /Users/user/Desktop/EiRas/EiRas/Framework/EiRas;
				MACOSX_DEPLOYMENT_TARGET = 10.15;
				MTL_ENABLE_DEBUG_INFO = INCLUDE_SOURCE;
				MTL_FAST_MATH = YES;
				ONLY_ACTIVE_ARCH = YES;
				REZ_SEARCH_PATHS = "";
				SDKROOT = macosx;
			};
			name = Debug;
		};
		C23CACC62379A38200AA5737 /* Release */ = {
			isa = XCBuildConfiguration;
			buildSettings = {
				ALWAYS_SEARCH_USER_PATHS = NO;
				CLANG_ANALYZER_NONNULL = YES;
				CLANG_ANALYZER_NUMBER_OBJECT_CONVERSION = YES_AGGRESSIVE;
				CLANG_CXX_LANGUAGE_STANDARD = "gnu++14";
				CLANG_CXX_LIBRARY = "libc++";
				CLANG_ENABLE_MODULES = YES;
				CLANG_ENABLE_OBJC_ARC = YES;
				CLANG_ENABLE_OBJC_WEAK = YES;
				CLANG_WARN_BLOCK_CAPTURE_AUTORELEASING = YES;
				CLANG_WARN_BOOL_CONVERSION = YES;
				CLANG_WARN_COMMA = YES;
				CLANG_WARN_CONSTANT_CONVERSION = YES;
				CLANG_WARN_DEPRECATED_OBJC_IMPLEMENTATIONS = YES;
				CLANG_WARN_DIRECT_OBJC_ISA_USAGE = YES_ERROR;
				CLANG_WARN_DOCUMENTATION_COMMENTS = YES;
				CLANG_WARN_EMPTY_BODY = YES;
				CLANG_WARN_ENUM_CONVERSION = YES;
				CLANG_WARN_INFINITE_RECURSION = YES;
				CLANG_WARN_INT_CONVERSION = YES;
				CLANG_WARN_NON_LITERAL_NULL_CONVERSION = YES;
				CLANG_WARN_OBJC_IMPLICIT_RETAIN_SELF = YES;
				CLANG_WARN_OBJC_LITERAL_CONVERSION = YES;
				CLANG_WARN_OBJC_ROOT_CLASS = YES_ERROR;
				CLANG_WARN_RANGE_LOOP_ANALYSIS = YES;
				CLANG_WARN_STRICT_PROTOTYPES = YES;
				CLANG_WARN_SUSPICIOUS_MOVE = YES;
				CLANG_WARN_UNGUARDED_AVAILABILITY = YES_AGGRESSIVE;
				CLANG_WARN_UNREACHABLE_CODE = YES;
				CLANG_WARN__DUPLICATE_METHOD_MATCH = YES;
				COPY_PHASE_STRIP = NO;
				DEBUG_INFORMATION_FORMAT = "dwarf-with-dsym";
				ENABLE_NS_ASSERTIONS = NO;
				ENABLE_STRICT_OBJC_MSGSEND = YES;
				FRAMEWORK_SEARCH_PATHS = "";
				GCC_C_LANGUAGE_STANDARD = gnu11;
				GCC_NO_COMMON_BLOCKS = YES;
				GCC_WARN_64_TO_32_BIT_CONVERSION = YES;
				GCC_WARN_ABOUT_RETURN_TYPE = YES_ERROR;
				GCC_WARN_UNDECLARED_SELECTOR = YES;
				GCC_WARN_UNINITIALIZED_AUTOS = YES_AGGRESSIVE;
				GCC_WARN_UNUSED_FUNCTION = YES;
				GCC_WARN_UNUSED_VARIABLE = YES;
				HEADER_SEARCH_PATHS = /Users/user/Desktop/EiRas/EiRas/Framework/EiRas;
				MACOSX_DEPLOYMENT_TARGET = 10.15;
				MTL_ENABLE_DEBUG_INFO = NO;
				MTL_FAST_MATH = YES;
				REZ_SEARCH_PATHS = "";
				SDKROOT = macosx;
			};
			name = Release;
		};
		C23CACC82379A38200AA5737 /* Debug */ = {
			isa = XCBuildConfiguration;
			buildSettings = {
				ASSETCATALOG_COMPILER_APPICON_NAME = AppIcon;
				CODE_SIGN_ENTITLEMENTS = EiRasMetalBuild/EiRasMetalBuild.entitlements;
				CODE_SIGN_STYLE = Automatic;
				COMBINE_HIDPI_IMAGES = YES;
				DEVELOPMENT_TEAM = MUMVBPQN64;
				ENABLE_HARDENED_RUNTIME = YES;
				INFOPLIST_FILE = EiRasMetalBuild/Info.plist;
				LD_RUNPATH_SEARCH_PATHS = (
					"$(inherited)",
					"@executable_path/../Frameworks",
				);
				PRODUCT_BUNDLE_IDENTIFIER = com.monsterent.EiRasMetalBuild;
				PRODUCT_NAME = "$(TARGET_NAME)";
			};
			name = Debug;
		};
		C23CACC92379A38200AA5737 /* Release */ = {
			isa = XCBuildConfiguration;
			buildSettings = {
				ASSETCATALOG_COMPILER_APPICON_NAME = AppIcon;
				CODE_SIGN_ENTITLEMENTS = EiRasMetalBuild/EiRasMetalBuild.entitlements;
				CODE_SIGN_STYLE = Automatic;
				COMBINE_HIDPI_IMAGES = YES;
				DEVELOPMENT_TEAM = MUMVBPQN64;
				ENABLE_HARDENED_RUNTIME = YES;
				INFOPLIST_FILE = EiRasMetalBuild/Info.plist;
				LD_RUNPATH_SEARCH_PATHS = (
					"$(inherited)",
					"@executable_path/../Frameworks",
				);
				PRODUCT_BUNDLE_IDENTIFIER = com.monsterent.EiRasMetalBuild;
				PRODUCT_NAME = "$(TARGET_NAME)";
			};
			name = Release;
		};
		C23CACCB2379A38200AA5737 /* Debug */ = {
			isa = XCBuildConfiguration;
			buildSettings = {
				BUNDLE_LOADER = "$(TEST_HOST)";
				CODE_SIGN_STYLE = Automatic;
				COMBINE_HIDPI_IMAGES = YES;
				DEVELOPMENT_TEAM = MUMVBPQN64;
				INFOPLIST_FILE = EiRasMetalBuildTests/Info.plist;
				LD_RUNPATH_SEARCH_PATHS = (
					"$(inherited)",
					"@executable_path/../Frameworks",
					"@loader_path/../Frameworks",
				);
				MACOSX_DEPLOYMENT_TARGET = 10.15;
				PRODUCT_BUNDLE_IDENTIFIER = com.monsterent.EiRasMetalBuildTests;
				PRODUCT_NAME = "$(TARGET_NAME)";
				TEST_HOST = "$(BUILT_PRODUCTS_DIR)/EiRasMetalBuild.app/Contents/MacOS/EiRasMetalBuild";
			};
			name = Debug;
		};
		C23CACCC2379A38200AA5737 /* Release */ = {
			isa = XCBuildConfiguration;
			buildSettings = {
				BUNDLE_LOADER = "$(TEST_HOST)";
				CODE_SIGN_STYLE = Automatic;
				COMBINE_HIDPI_IMAGES = YES;
				DEVELOPMENT_TEAM = MUMVBPQN64;
				INFOPLIST_FILE = EiRasMetalBuildTests/Info.plist;
				LD_RUNPATH_SEARCH_PATHS = (
					"$(inherited)",
					"@executable_path/../Frameworks",
					"@loader_path/../Frameworks",
				);
				MACOSX_DEPLOYMENT_TARGET = 10.15;
				PRODUCT_BUNDLE_IDENTIFIER = com.monsterent.EiRasMetalBuildTests;
				PRODUCT_NAME = "$(TARGET_NAME)";
				TEST_HOST = "$(BUILT_PRODUCTS_DIR)/EiRasMetalBuild.app/Contents/MacOS/EiRasMetalBuild";
			};
			name = Release;
		};
		C23CACCE2379A38200AA5737 /* Debug */ = {
			isa = XCBuildConfiguration;
			buildSettings = {
				CODE_SIGN_STYLE = Automatic;
				COMBINE_HIDPI_IMAGES = YES;
				DEVELOPMENT_TEAM = MUMVBPQN64;
				INFOPLIST_FILE = EiRasMetalBuildUITests/Info.plist;
				LD_RUNPATH_SEARCH_PATHS = (
					"$(inherited)",
					"@executable_path/../Frameworks",
					"@loader_path/../Frameworks",
				);
				PRODUCT_BUNDLE_IDENTIFIER = com.monsterent.EiRasMetalBuildUITests;
				PRODUCT_NAME = "$(TARGET_NAME)";
				TEST_TARGET_NAME = EiRasMetalBuild;
			};
			name = Debug;
		};
		C23CACCF2379A38200AA5737 /* Release */ = {
			isa = XCBuildConfiguration;
			buildSettings = {
				CODE_SIGN_STYLE = Automatic;
				COMBINE_HIDPI_IMAGES = YES;
				DEVELOPMENT_TEAM = MUMVBPQN64;
				INFOPLIST_FILE = EiRasMetalBuildUITests/Info.plist;
				LD_RUNPATH_SEARCH_PATHS = (
					"$(inherited)",
					"@executable_path/../Frameworks",
					"@loader_path/../Frameworks",
				);
				PRODUCT_BUNDLE_IDENTIFIER = com.monsterent.EiRasMetalBuildUITests;
				PRODUCT_NAME = "$(TARGET_NAME)";
				TEST_TARGET_NAME = EiRasMetalBuild;
			};
			name = Release;
		};
/* End XCBuildConfiguration section */

/* Begin XCConfigurationList section */
		C23CAC982379A37F00AA5737 /* Build configuration list for PBXProject "EiRasMetalBuild" */ = {
			isa = XCConfigurationList;
			buildConfigurations = (
				C23CACC52379A38200AA5737 /* Debug */,
				C23CACC62379A38200AA5737 /* Release */,
			);
			defaultConfigurationIsVisible = 0;
			defaultConfigurationName = Release;
		};
		C23CACC72379A38200AA5737 /* Build configuration list for PBXNativeTarget "EiRasMetalBuild" */ = {
			isa = XCConfigurationList;
			buildConfigurations = (
				C23CACC82379A38200AA5737 /* Debug */,
				C23CACC92379A38200AA5737 /* Release */,
			);
			defaultConfigurationIsVisible = 0;
			defaultConfigurationName = Release;
		};
		C23CACCA2379A38200AA5737 /* Build configuration list for PBXNativeTarget "EiRasMetalBuildTests" */ = {
			isa = XCConfigurationList;
			buildConfigurations = (
				C23CACCB2379A38200AA5737 /* Debug */,
				C23CACCC2379A38200AA5737 /* Release */,
			);
			defaultConfigurationIsVisible = 0;
			defaultConfigurationName = Release;
		};
		C23CACCD2379A38200AA5737 /* Build configuration list for PBXNativeTarget "EiRasMetalBuildUITests" */ = {
			isa = XCConfigurationList;
			buildConfigurations = (
				C23CACCE2379A38200AA5737 /* Debug */,
				C23CACCF2379A38200AA5737 /* Release */,
			);
			defaultConfigurationIsVisible = 0;
			defaultConfigurationName = Release;
		};
/* End XCConfigurationList section */
	};
	rootObject = C23CAC952379A37F00AA5737 /* Project object */;
}
